{
  "version": 4,
  "terraform_version": "1.11.4",
  "serial": 47,
  "lineage": "79bc5a09-4219-af92-96f1-df4642021e7a",
  "outputs": {
    "bastion_host_public_ip": {
      "value": "52.203.234.170",
      "type": "string"
    },
    "elastic_IP": {
      "value": "3.222.182.19",
      "type": "string"
    },
    "lb_dns_name": {
      "value": "Webtier-LB-1693217533.us-east-1.elb.amazonaws.com",
      "type": "string"
    }
  },
  "resources": [
    {
      "mode": "managed",
      "type": "aws_autoscaling_group",
      "name": "Apptier-ASG",
      "provider": "provider[\"registry.terraform.io/hashicorp/aws\"]",
      "instances": [
        {
          "schema_version": 0,
          "attributes": {
            "arn": "arn:aws:autoscaling:us-east-1:153254932719:autoScalingGroup:0b37146f-3c29-4cc4-b27c-267c455de5a7:autoScalingGroupName/App-tier-ASG",
            "availability_zones": [
              "us-east-1a",
              "us-east-1b"
            ],
            "capacity_rebalance": false,
            "context": "",
            "default_cooldown": 300,
            "default_instance_warmup": 0,
            "desired_capacity": 2,
            "desired_capacity_type": "",
            "enabled_metrics": null,
            "force_delete": false,
            "force_delete_warm_pool": false,
            "health_check_grace_period": 300,
            "health_check_type": "ELB",
            "id": "App-tier-ASG",
            "initial_lifecycle_hook": [],
            "instance_refresh": [],
            "launch_configuration": "",
            "launch_template": [
              {
                "id": "lt-045680fe1c0a9f402",
                "name": "Apptier-launch-template",
                "version": "$Latest"
              }
            ],
            "load_balancers": null,
            "max_instance_lifetime": 0,
            "max_size": 4,
            "metrics_granularity": "1Minute",
            "min_elb_capacity": null,
            "min_size": 2,
            "mixed_instances_policy": [],
            "name": "App-tier-ASG",
            "name_prefix": "",
            "placement_group": "",
            "protect_from_scale_in": false,
            "service_linked_role_arn": "arn:aws:iam::153254932719:role/aws-service-role/autoscaling.amazonaws.com/AWSServiceRoleForAutoScaling",
            "suspended_processes": null,
            "tag": [
              {
                "key": "Name",
                "propagate_at_launch": true,
                "value": "Apptier-ASG"
              }
            ],
            "tags": null,
            "target_group_arns": [
              "arn:aws:elasticloadbalancing:us-east-1:153254932719:targetgroup/Apptier-ALB-TG/94aab28ebb4c2e24"
            ],
            "termination_policies": null,
            "timeouts": null,
            "vpc_zone_identifier": [
              "subnet-03761ad0f3bc14e1b",
              "subnet-06be3b124c67e05b7"
            ],
            "wait_for_capacity_timeout": "10m",
            "wait_for_elb_capacity": null,
            "warm_pool": []
          },
          "sensitive_attributes": [],
          "private": "eyJlMmJmYjczMC1lY2FhLTExZTYtOGY4OC0zNDM2M2JjN2M0YzAiOnsiZGVsZXRlIjo2MDAwMDAwMDAwMDAsInVwZGF0ZSI6NjAwMDAwMDAwMDAwfX0=",
          "dependencies": [
            "aws_key_pair.P1_3tier_archi_keypair",
            "aws_launch_template.Apptier-launch-template",
            "aws_lb_target_group.apptier-alb-tg",
            "aws_security_group.apptier-alb-sg",
            "aws_security_group.apptier-sg",
            "aws_security_group.bastion-host-sg",
            "aws_security_group.webtier-alb-sg",
            "aws_security_group.webtier-sg",
            "aws_subnet.private_apptier_subnet",
            "aws_vpc.P1-3-tier-archi",
            "tls_private_key.P1_keypair"
          ],
          "create_before_destroy": true
        }
      ]
    },
    {
      "mode": "managed",
      "type": "aws_autoscaling_group",
      "name": "Webtier-ASG",
      "provider": "provider[\"registry.terraform.io/hashicorp/aws\"]",
      "instances": [
        {
          "schema_version": 0,
          "attributes": {
            "arn": "arn:aws:autoscaling:us-east-1:153254932719:autoScalingGroup:4ba2b513-106e-427d-8b09-2de540720ab5:autoScalingGroupName/Web-tier-ASG",
            "availability_zones": [
              "us-east-1a",
              "us-east-1b"
            ],
            "capacity_rebalance": false,
            "context": "",
            "default_cooldown": 300,
            "default_instance_warmup": 0,
            "desired_capacity": 2,
            "desired_capacity_type": "",
            "enabled_metrics": null,
            "force_delete": false,
            "force_delete_warm_pool": false,
            "health_check_grace_period": 300,
            "health_check_type": "ELB",
            "id": "Web-tier-ASG",
            "initial_lifecycle_hook": [],
            "instance_refresh": [],
            "launch_configuration": "",
            "launch_template": [
              {
                "id": "lt-0593f84513f3b0013",
                "name": "Webtier-launch-template",
                "version": "$Latest"
              }
            ],
            "load_balancers": null,
            "max_instance_lifetime": 0,
            "max_size": 4,
            "metrics_granularity": "1Minute",
            "min_elb_capacity": null,
            "min_size": 2,
            "mixed_instances_policy": [],
            "name": "Web-tier-ASG",
            "name_prefix": "",
            "placement_group": "",
            "protect_from_scale_in": false,
            "service_linked_role_arn": "arn:aws:iam::153254932719:role/aws-service-role/autoscaling.amazonaws.com/AWSServiceRoleForAutoScaling",
            "suspended_processes": null,
            "tag": [
              {
                "key": "Name",
                "propagate_at_launch": true,
                "value": "webtier-ASG"
              }
            ],
            "tags": null,
            "target_group_arns": [
              "arn:aws:elasticloadbalancing:us-east-1:153254932719:targetgroup/Webtier-ALB-TG/8d53b3935f29d74f"
            ],
            "termination_policies": null,
            "timeouts": null,
            "vpc_zone_identifier": [
              "subnet-00931cfc9e63c8df5",
              "subnet-0139b162a8a952d20"
            ],
            "wait_for_capacity_timeout": "10m",
            "wait_for_elb_capacity": null,
            "warm_pool": []
          },
          "sensitive_attributes": [],
          "private": "eyJlMmJmYjczMC1lY2FhLTExZTYtOGY4OC0zNDM2M2JjN2M0YzAiOnsiZGVsZXRlIjo2MDAwMDAwMDAwMDAsInVwZGF0ZSI6NjAwMDAwMDAwMDAwfX0=",
          "dependencies": [
            "aws_key_pair.P1_3tier_archi_keypair",
            "aws_launch_template.Webtier-launch-template",
            "aws_lb_target_group.webtier-alb-tg",
            "aws_security_group.webtier-alb-sg",
            "aws_security_group.webtier-sg",
            "aws_subnet.public_webtier_subnet",
            "aws_vpc.P1-3-tier-archi",
            "tls_private_key.P1_keypair"
          ],
          "create_before_destroy": true
        }
      ]
    },
    {
      "mode": "managed",
      "type": "aws_autoscaling_policy",
      "name": "apptier-autoscaling-policy-down",
      "provider": "provider[\"registry.terraform.io/hashicorp/aws\"]",
      "instances": [
        {
          "schema_version": 0,
          "attributes": {
            "adjustment_type": "ChangeInCapacity",
            "arn": "arn:aws:autoscaling:us-east-1:153254932719:scalingPolicy:591dc385-334e-4e3f-93e5-f5be22b6e34f:autoScalingGroupName/App-tier-ASG:policyName/apptier-autoscaling-policy-down",
            "autoscaling_group_name": "App-tier-ASG",
            "cooldown": 300,
            "enabled": true,
            "estimated_instance_warmup": 0,
            "id": "apptier-autoscaling-policy-down",
            "metric_aggregation_type": "",
            "min_adjustment_magnitude": 0,
            "name": "apptier-autoscaling-policy-down",
            "policy_type": "SimpleScaling",
            "predictive_scaling_configuration": [],
            "scaling_adjustment": -1,
            "step_adjustment": [],
            "target_tracking_configuration": []
          },
          "sensitive_attributes": [],
          "private": "bnVsbA==",
          "dependencies": [
            "aws_autoscaling_group.Apptier-ASG",
            "aws_key_pair.P1_3tier_archi_keypair",
            "aws_launch_template.Apptier-launch-template",
            "aws_lb_target_group.apptier-alb-tg",
            "aws_security_group.apptier-alb-sg",
            "aws_security_group.apptier-sg",
            "aws_security_group.bastion-host-sg",
            "aws_security_group.webtier-alb-sg",
            "aws_security_group.webtier-sg",
            "aws_subnet.private_apptier_subnet",
            "aws_vpc.P1-3-tier-archi",
            "tls_private_key.P1_keypair"
          ]
        }
      ]
    },
    {
      "mode": "managed",
      "type": "aws_autoscaling_policy",
      "name": "apptier-autoscaling-policy-up",
      "provider": "provider[\"registry.terraform.io/hashicorp/aws\"]",
      "instances": [
        {
          "schema_version": 0,
          "attributes": {
            "adjustment_type": "ChangeInCapacity",
            "arn": "arn:aws:autoscaling:us-east-1:153254932719:scalingPolicy:ea76f283-611c-4209-b9ee-9a244a76406e:autoScalingGroupName/App-tier-ASG:policyName/apptier-autoscaling-policy-up",
            "autoscaling_group_name": "App-tier-ASG",
            "cooldown": 300,
            "enabled": true,
            "estimated_instance_warmup": 0,
            "id": "apptier-autoscaling-policy-up",
            "metric_aggregation_type": "",
            "min_adjustment_magnitude": 0,
            "name": "apptier-autoscaling-policy-up",
            "policy_type": "SimpleScaling",
            "predictive_scaling_configuration": [],
            "scaling_adjustment": 1,
            "step_adjustment": [],
            "target_tracking_configuration": []
          },
          "sensitive_attributes": [],
          "private": "bnVsbA==",
          "dependencies": [
            "aws_autoscaling_group.Apptier-ASG",
            "aws_key_pair.P1_3tier_archi_keypair",
            "aws_launch_template.Apptier-launch-template",
            "aws_lb_target_group.apptier-alb-tg",
            "aws_security_group.apptier-alb-sg",
            "aws_security_group.apptier-sg",
            "aws_security_group.bastion-host-sg",
            "aws_security_group.webtier-alb-sg",
            "aws_security_group.webtier-sg",
            "aws_subnet.private_apptier_subnet",
            "aws_vpc.P1-3-tier-archi",
            "tls_private_key.P1_keypair"
          ]
        }
      ]
    },
    {
      "mode": "managed",
      "type": "aws_autoscaling_policy",
      "name": "webtier-autoscaling-policy-down",
      "provider": "provider[\"registry.terraform.io/hashicorp/aws\"]",
      "instances": [
        {
          "schema_version": 0,
          "attributes": {
            "adjustment_type": "ChangeInCapacity",
            "arn": "arn:aws:autoscaling:us-east-1:153254932719:scalingPolicy:7d784651-cd72-4c38-8716-dc5046cca085:autoScalingGroupName/Web-tier-ASG:policyName/webtier-autoscaling-policy-down",
            "autoscaling_group_name": "Web-tier-ASG",
            "cooldown": 300,
            "enabled": true,
            "estimated_instance_warmup": 0,
            "id": "webtier-autoscaling-policy-down",
            "metric_aggregation_type": "",
            "min_adjustment_magnitude": 0,
            "name": "webtier-autoscaling-policy-down",
            "policy_type": "SimpleScaling",
            "predictive_scaling_configuration": [],
            "scaling_adjustment": -1,
            "step_adjustment": [],
            "target_tracking_configuration": []
          },
          "sensitive_attributes": [],
          "private": "bnVsbA==",
          "dependencies": [
            "aws_autoscaling_group.Webtier-ASG",
            "aws_key_pair.P1_3tier_archi_keypair",
            "aws_launch_template.Webtier-launch-template",
            "aws_lb_target_group.webtier-alb-tg",
            "aws_security_group.webtier-alb-sg",
            "aws_security_group.webtier-sg",
            "aws_subnet.public_webtier_subnet",
            "aws_vpc.P1-3-tier-archi",
            "tls_private_key.P1_keypair"
          ]
        }
      ]
    },
    {
      "mode": "managed",
      "type": "aws_autoscaling_policy",
      "name": "webtier-autoscaling-policy-up",
      "provider": "provider[\"registry.terraform.io/hashicorp/aws\"]",
      "instances": [
        {
          "schema_version": 0,
          "attributes": {
            "adjustment_type": "ChangeInCapacity",
            "arn": "arn:aws:autoscaling:us-east-1:153254932719:scalingPolicy:b882c8d8-e8db-44d0-a2a6-c1748131aa31:autoScalingGroupName/Web-tier-ASG:policyName/webtier-autoscaling-policy-up",
            "autoscaling_group_name": "Web-tier-ASG",
            "cooldown": 300,
            "enabled": true,
            "estimated_instance_warmup": 0,
            "id": "webtier-autoscaling-policy-up",
            "metric_aggregation_type": "",
            "min_adjustment_magnitude": 0,
            "name": "webtier-autoscaling-policy-up",
            "policy_type": "SimpleScaling",
            "predictive_scaling_configuration": [],
            "scaling_adjustment": 1,
            "step_adjustment": [],
            "target_tracking_configuration": []
          },
          "sensitive_attributes": [],
          "private": "bnVsbA==",
          "dependencies": [
            "aws_autoscaling_group.Webtier-ASG",
            "aws_key_pair.P1_3tier_archi_keypair",
            "aws_launch_template.Webtier-launch-template",
            "aws_lb_target_group.webtier-alb-tg",
            "aws_security_group.webtier-alb-sg",
            "aws_security_group.webtier-sg",
            "aws_subnet.public_webtier_subnet",
            "aws_vpc.P1-3-tier-archi",
            "tls_private_key.P1_keypair"
          ]
        }
      ]
    },
    {
      "mode": "managed",
      "type": "aws_cloudwatch_metric_alarm",
      "name": "apptier-cpu-alarm-up",
      "provider": "provider[\"registry.terraform.io/hashicorp/aws\"]",
      "instances": [
        {
          "schema_version": 1,
          "attributes": {
            "actions_enabled": true,
            "alarm_actions": [
              "arn:aws:autoscaling:us-east-1:153254932719:scalingPolicy:ea76f283-611c-4209-b9ee-9a244a76406e:autoScalingGroupName/App-tier-ASG:policyName/apptier-autoscaling-policy-up"
            ],
            "alarm_description": "",
            "alarm_name": "apptier-cpu-alarm-up",
            "arn": "arn:aws:cloudwatch:us-east-1:153254932719:alarm:apptier-cpu-alarm-up",
            "comparison_operator": "GreaterThanOrEqualToThreshold",
            "datapoints_to_alarm": 0,
            "dimensions": {
              "AutoScalingGroupName": "App-tier-ASG"
            },
            "evaluate_low_sample_count_percentiles": "",
            "evaluation_periods": 5,
            "extended_statistic": "",
            "id": "apptier-cpu-alarm-up",
            "insufficient_data_actions": null,
            "metric_name": "CPUUtilization",
            "metric_query": [],
            "namespace": "AWS/EC2",
            "ok_actions": null,
            "period": 60,
            "statistic": "Average",
            "tags": null,
            "tags_all": {},
            "threshold": 50,
            "threshold_metric_id": "",
            "treat_missing_data": "missing",
            "unit": ""
          },
          "sensitive_attributes": [],
          "private": "eyJzY2hlbWFfdmVyc2lvbiI6IjEifQ==",
          "dependencies": [
            "aws_autoscaling_group.Apptier-ASG",
            "aws_autoscaling_policy.apptier-autoscaling-policy-up",
            "aws_key_pair.P1_3tier_archi_keypair",
            "aws_launch_template.Apptier-launch-template",
            "aws_lb_target_group.apptier-alb-tg",
            "aws_security_group.apptier-alb-sg",
            "aws_security_group.apptier-sg",
            "aws_security_group.bastion-host-sg",
            "aws_security_group.webtier-alb-sg",
            "aws_security_group.webtier-sg",
            "aws_subnet.private_apptier_subnet",
            "aws_vpc.P1-3-tier-archi",
            "tls_private_key.P1_keypair"
          ]
        }
      ]
    },
    {
      "mode": "managed",
      "type": "aws_cloudwatch_metric_alarm",
      "name": "apptier_cpu_alarm_down",
      "provider": "provider[\"registry.terraform.io/hashicorp/aws\"]",
      "instances": [
        {
          "schema_version": 1,
          "attributes": {
            "actions_enabled": true,
            "alarm_actions": [
              "arn:aws:autoscaling:us-east-1:153254932719:scalingPolicy:591dc385-334e-4e3f-93e5-f5be22b6e34f:autoScalingGroupName/App-tier-ASG:policyName/apptier-autoscaling-policy-down"
            ],
            "alarm_description": "",
            "alarm_name": "apptier_cpu_alarm_down",
            "arn": "arn:aws:cloudwatch:us-east-1:153254932719:alarm:apptier_cpu_alarm_down",
            "comparison_operator": "LessThanOrEqualToThreshold",
            "datapoints_to_alarm": 0,
            "dimensions": {
              "AutoScalingGroupName": "App-tier-ASG"
            },
            "evaluate_low_sample_count_percentiles": "",
            "evaluation_periods": 5,
            "extended_statistic": "",
            "id": "apptier_cpu_alarm_down",
            "insufficient_data_actions": null,
            "metric_name": "CPUUtilization",
            "metric_query": [],
            "namespace": "AWS/EC2",
            "ok_actions": null,
            "period": 60,
            "statistic": "Average",
            "tags": null,
            "tags_all": {},
            "threshold": 20,
            "threshold_metric_id": "",
            "treat_missing_data": "missing",
            "unit": ""
          },
          "sensitive_attributes": [],
          "private": "eyJzY2hlbWFfdmVyc2lvbiI6IjEifQ==",
          "dependencies": [
            "aws_autoscaling_group.Apptier-ASG",
            "aws_autoscaling_policy.apptier-autoscaling-policy-down",
            "aws_key_pair.P1_3tier_archi_keypair",
            "aws_launch_template.Apptier-launch-template",
            "aws_lb_target_group.apptier-alb-tg",
            "aws_security_group.apptier-alb-sg",
            "aws_security_group.apptier-sg",
            "aws_security_group.bastion-host-sg",
            "aws_security_group.webtier-alb-sg",
            "aws_security_group.webtier-sg",
            "aws_subnet.private_apptier_subnet",
            "aws_vpc.P1-3-tier-archi",
            "tls_private_key.P1_keypair"
          ]
        }
      ]
    },
    {
      "mode": "managed",
      "type": "aws_cloudwatch_metric_alarm",
      "name": "webtier-cpu-alarm-up",
      "provider": "provider[\"registry.terraform.io/hashicorp/aws\"]",
      "instances": [
        {
          "schema_version": 1,
          "attributes": {
            "actions_enabled": true,
            "alarm_actions": [
              "arn:aws:autoscaling:us-east-1:153254932719:scalingPolicy:b882c8d8-e8db-44d0-a2a6-c1748131aa31:autoScalingGroupName/Web-tier-ASG:policyName/webtier-autoscaling-policy-up"
            ],
            "alarm_description": "",
            "alarm_name": "webtier-cpu-alarm-up",
            "arn": "arn:aws:cloudwatch:us-east-1:153254932719:alarm:webtier-cpu-alarm-up",
            "comparison_operator": "GreaterThanOrEqualToThreshold",
            "datapoints_to_alarm": 0,
            "dimensions": {
              "AutoScalingGroupName": "Web-tier-ASG"
            },
            "evaluate_low_sample_count_percentiles": "",
            "evaluation_periods": 5,
            "extended_statistic": "",
            "id": "webtier-cpu-alarm-up",
            "insufficient_data_actions": null,
            "metric_name": "CPUUtilization",
            "metric_query": [],
            "namespace": "AWS/EC2",
            "ok_actions": null,
            "period": 60,
            "statistic": "Average",
            "tags": null,
            "tags_all": {},
            "threshold": 50,
            "threshold_metric_id": "",
            "treat_missing_data": "missing",
            "unit": ""
          },
          "sensitive_attributes": [],
          "private": "eyJzY2hlbWFfdmVyc2lvbiI6IjEifQ==",
          "dependencies": [
            "aws_autoscaling_group.Webtier-ASG",
            "aws_autoscaling_policy.webtier-autoscaling-policy-up",
            "aws_key_pair.P1_3tier_archi_keypair",
            "aws_launch_template.Webtier-launch-template",
            "aws_lb_target_group.webtier-alb-tg",
            "aws_security_group.webtier-alb-sg",
            "aws_security_group.webtier-sg",
            "aws_subnet.public_webtier_subnet",
            "aws_vpc.P1-3-tier-archi",
            "tls_private_key.P1_keypair"
          ]
        }
      ]
    },
    {
      "mode": "managed",
      "type": "aws_cloudwatch_metric_alarm",
      "name": "webtier_cpu_alarm_down",
      "provider": "provider[\"registry.terraform.io/hashicorp/aws\"]",
      "instances": [
        {
          "schema_version": 1,
          "attributes": {
            "actions_enabled": true,
            "alarm_actions": [
              "arn:aws:autoscaling:us-east-1:153254932719:scalingPolicy:7d784651-cd72-4c38-8716-dc5046cca085:autoScalingGroupName/Web-tier-ASG:policyName/webtier-autoscaling-policy-down"
            ],
            "alarm_description": "",
            "alarm_name": "webtier_cpu_alarm_down",
            "arn": "arn:aws:cloudwatch:us-east-1:153254932719:alarm:webtier_cpu_alarm_down",
            "comparison_operator": "LessThanOrEqualToThreshold",
            "datapoints_to_alarm": 0,
            "dimensions": {
              "AutoScalingGroupName": "Web-tier-ASG"
            },
            "evaluate_low_sample_count_percentiles": "",
            "evaluation_periods": 5,
            "extended_statistic": "",
            "id": "webtier_cpu_alarm_down",
            "insufficient_data_actions": null,
            "metric_name": "CPUUtilization",
            "metric_query": [],
            "namespace": "AWS/EC2",
            "ok_actions": null,
            "period": 60,
            "statistic": "Average",
            "tags": null,
            "tags_all": {},
            "threshold": 20,
            "threshold_metric_id": "",
            "treat_missing_data": "missing",
            "unit": ""
          },
          "sensitive_attributes": [],
          "private": "eyJzY2hlbWFfdmVyc2lvbiI6IjEifQ==",
          "dependencies": [
            "aws_autoscaling_group.Webtier-ASG",
            "aws_autoscaling_policy.webtier-autoscaling-policy-down",
            "aws_key_pair.P1_3tier_archi_keypair",
            "aws_launch_template.Webtier-launch-template",
            "aws_lb_target_group.webtier-alb-tg",
            "aws_security_group.webtier-alb-sg",
            "aws_security_group.webtier-sg",
            "aws_subnet.public_webtier_subnet",
            "aws_vpc.P1-3-tier-archi",
            "tls_private_key.P1_keypair"
          ]
        }
      ]
    },
    {
      "mode": "managed",
      "type": "aws_eip",
      "name": "NAT-Gateway-EIP",
      "provider": "provider[\"registry.terraform.io/hashicorp/aws\"]",
      "instances": [
        {
          "schema_version": 0,
          "attributes": {
            "address": null,
            "allocation_id": "eipalloc-0b51962a166c58e22",
            "associate_with_private_ip": null,
            "association_id": "",
            "carrier_ip": "",
            "customer_owned_ip": "",
            "customer_owned_ipv4_pool": "",
            "domain": "vpc",
            "id": "eipalloc-0b51962a166c58e22",
            "instance": "",
            "network_border_group": "us-east-1",
            "network_interface": "",
            "private_dns": null,
            "private_ip": "",
            "public_dns": "ec2-3-222-182-19.compute-1.amazonaws.com",
            "public_ip": "3.222.182.19",
            "public_ipv4_pool": "amazon",
            "tags": null,
            "tags_all": {},
            "timeouts": null,
            "vpc": true
          },
          "sensitive_attributes": [],
          "private": "eyJlMmJmYjczMC1lY2FhLTExZTYtOGY4OC0zNDM2M2JjN2M0YzAiOnsiZGVsZXRlIjoxODAwMDAwMDAwMDAsInJlYWQiOjkwMDAwMDAwMDAwMCwidXBkYXRlIjozMDAwMDAwMDAwMDB9fQ==",
          "dependencies": [
            "aws_internet_gateway.P1_IG",
            "aws_route_table.public_RT",
            "aws_route_table_association.public_subnet_asso",
            "aws_subnet.public_webtier_subnet",
            "aws_vpc.P1-3-tier-archi"
          ]
        }
      ]
    },
    {
      "mode": "managed",
      "type": "aws_instance",
      "name": "bastion-host",
      "provider": "provider[\"registry.terraform.io/hashicorp/aws\"]",
      "instances": [
        {
          "schema_version": 1,
          "attributes": {
            "ami": "ami-02396cdd13e9a1257",
            "arn": "arn:aws:ec2:us-east-1:153254932719:instance/i-0873ecbd00b68d172",
            "associate_public_ip_address": true,
            "availability_zone": "us-east-1a",
            "capacity_reservation_specification": [
              {
                "capacity_reservation_preference": "open",
                "capacity_reservation_target": []
              }
            ],
            "cpu_core_count": 1,
            "cpu_threads_per_core": 1,
            "credit_specification": [
              {
                "cpu_credits": "standard"
              }
            ],
            "disable_api_stop": false,
            "disable_api_termination": false,
            "ebs_block_device": [],
            "ebs_optimized": false,
            "enclave_options": [
              {
                "enabled": false
              }
            ],
            "ephemeral_block_device": [],
            "get_password_data": false,
            "hibernation": false,
            "host_id": "",
            "host_resource_group_arn": null,
            "iam_instance_profile": "",
            "id": "i-0873ecbd00b68d172",
            "instance_initiated_shutdown_behavior": "stop",
            "instance_state": "running",
            "instance_type": "t2.micro",
            "ipv6_address_count": 0,
            "ipv6_addresses": [],
            "key_name": "P1 3tier archi keypair",
            "launch_template": [],
            "maintenance_options": [
              {
                "auto_recovery": "default"
              }
            ],
            "metadata_options": [
              {
                "http_endpoint": "enabled",
                "http_put_response_hop_limit": 2,
                "http_tokens": "required",
                "instance_metadata_tags": "disabled"
              }
            ],
            "monitoring": false,
            "network_interface": [],
            "outpost_arn": "",
            "password_data": "",
            "placement_group": "",
            "placement_partition_number": 0,
            "primary_network_interface_id": "eni-0cbf8b8e29566cf7f",
            "private_dns": "ip-10-0-1-141.ec2.internal",
            "private_dns_name_options": [
              {
                "enable_resource_name_dns_a_record": false,
                "enable_resource_name_dns_aaaa_record": false,
                "hostname_type": "ip-name"
              }
            ],
            "private_ip": "10.0.1.141",
            "public_dns": "ec2-52-203-234-170.compute-1.amazonaws.com",
            "public_ip": "52.203.234.170",
            "root_block_device": [
              {
                "delete_on_termination": true,
                "device_name": "/dev/xvda",
                "encrypted": false,
                "iops": 3000,
                "kms_key_id": "",
                "tags": {},
                "throughput": 125,
                "volume_id": "vol-0302b748de4862245",
                "volume_size": 8,
                "volume_type": "gp3"
              }
            ],
            "secondary_private_ips": [],
            "security_groups": [
              "sg-0cdede4108fa5a6e1"
            ],
            "source_dest_check": true,
            "subnet_id": "subnet-00931cfc9e63c8df5",
            "tags": {
              "Name": "Bastion Host"
            },
            "tags_all": {
              "Name": "Bastion Host"
            },
            "tenancy": "default",
            "timeouts": null,
            "user_data": null,
            "user_data_base64": null,
            "user_data_replace_on_change": false,
            "volume_tags": null,
            "vpc_security_group_ids": [
              "sg-0cdede4108fa5a6e1"
            ]
          },
          "sensitive_attributes": [],
          "private": "eyJlMmJmYjczMC1lY2FhLTExZTYtOGY4OC0zNDM2M2JjN2M0YzAiOnsiY3JlYXRlIjo2MDAwMDAwMDAwMDAsImRlbGV0ZSI6MTIwMDAwMDAwMDAwMCwidXBkYXRlIjo2MDAwMDAwMDAwMDB9LCJzY2hlbWFfdmVyc2lvbiI6IjEifQ==",
          "dependencies": [
            "aws_key_pair.P1_3tier_archi_keypair",
            "aws_security_group.bastion-host-sg",
            "aws_subnet.public_webtier_subnet",
            "aws_vpc.P1-3-tier-archi",
            "tls_private_key.P1_keypair"
          ]
        }
      ]
    },
    {
      "mode": "managed",
      "type": "aws_internet_gateway",
      "name": "P1_IG",
      "provider": "provider[\"registry.terraform.io/hashicorp/aws\"]",
      "instances": [
        {
          "schema_version": 0,
          "attributes": {
            "arn": "arn:aws:ec2:us-east-1:153254932719:internet-gateway/igw-056d1c05f926b3bec",
            "id": "igw-056d1c05f926b3bec",
            "owner_id": "153254932719",
            "tags": {
              "Name": "P1_internet_gateway"
            },
            "tags_all": {
              "Name": "P1_internet_gateway"
            },
            "timeouts": null,
            "vpc_id": "vpc-0cfa8560991eb6f0d"
          },
          "sensitive_attributes": [],
          "private": "eyJlMmJmYjczMC1lY2FhLTExZTYtOGY4OC0zNDM2M2JjN2M0YzAiOnsiY3JlYXRlIjoxMjAwMDAwMDAwMDAwLCJkZWxldGUiOjEyMDAwMDAwMDAwMDAsInVwZGF0ZSI6MTIwMDAwMDAwMDAwMH19",
          "dependencies": [
            "aws_vpc.P1-3-tier-archi"
          ]
        }
      ]
    },
    {
      "mode": "managed",
      "type": "aws_key_pair",
      "name": "P1_3tier_archi_keypair",
      "provider": "provider[\"registry.terraform.io/hashicorp/aws\"]",
      "instances": [
        {
          "schema_version": 1,
          "attributes": {
            "arn": "arn:aws:ec2:us-east-1:153254932719:key-pair/P1 3tier archi keypair",
            "fingerprint": "08:ca:d6:80:75:a2:4d:8b:fe:1a:23:8c:3c:7f:0e:f3",
            "id": "P1 3tier archi keypair",
            "key_name": "P1 3tier archi keypair",
            "key_name_prefix": "",
            "key_pair_id": "key-01ad0fe185d0a85fd",
            "key_type": "rsa",
            "public_key": "ssh-rsa AAAAB3NzaC1yc2EAAAADAQABAAACAQDBn+AOuVJ7mHeyowBqFXxKI+alyS2A4EqK3h/yVtBSnJwjYyL2/IFBQ4AttKLSpVjHYNE7Byyo5GXP+x/WVcJJC6A/wOU7FjpV1g/HUGNqSKnFMsMgYOLm+ZBQ+UQ0OZeRtZVCu+G7oejKcmFxe3410fW3lzpY7pP+cSc+cy9UX2WZnHyFTa8b+sW5w0lPyEsY+t5zCzctKrzCAzQ9VCUiH0AlALkbM5Ma5mBFDAd3WN4vtTffbEua74R3iuicK6BfSyAi6i/mpLmVtxcdACugk0SMXNnOPcjlVIbZdAScHkelSMA4ak9L6+dlayHz5YIHTbzzyn6Cq04l/7ZBCnyRLHqeBTYlTUQqExox0ij0sKY8amBwt3JAoH2kxFgrACoHy4HeYSyIB3CQW16AoOSGSQSqlHTGuHT+P8PImBuGZmc1xCwGlDu7unxnetcdcf87EymZTE/mTAfV8/meCNsGcNBm5zItRfMgL9KBYAyeOh5hV1THmyyDonEpK+so2+wXKbZq3WPhfksARajCsueJteLcoyh6HAswFeHGS6J3Fwcjb2Iy5UAxqkM3K6aBiExxTfzap/31exqPvcbiewzTMA4b3HZp9VcL3XOJ9EQWjwPNaPXTOmMT+QDho5eM3SxL/t+ub3bW4io1PAfGNBVDxfeu2xfR788oDRHg1YtOQQ==",
            "tags": null,
            "tags_all": {}
          },
          "sensitive_attributes": [],
          "private": "eyJzY2hlbWFfdmVyc2lvbiI6IjEifQ==",
          "dependencies": [
            "tls_private_key.P1_keypair"
          ],
          "create_before_destroy": true
        }
      ]
    },
    {
      "mode": "managed",
      "type": "aws_launch_template",
      "name": "Apptier-launch-template",
      "provider": "provider[\"registry.terraform.io/hashicorp/aws\"]",
      "instances": [
        {
          "schema_version": 0,
          "attributes": {
            "arn": "arn:aws:ec2:us-east-1:153254932719:launch-template/lt-045680fe1c0a9f402",
            "block_device_mappings": [],
            "capacity_reservation_specification": [],
            "cpu_options": [],
            "credit_specification": [],
            "default_version": 1,
            "description": "Launch Template for App Tier",
            "disable_api_stop": false,
            "disable_api_termination": false,
            "ebs_optimized": "",
            "elastic_gpu_specifications": [],
            "elastic_inference_accelerator": [],
            "enclave_options": [],
            "hibernation_options": [],
            "iam_instance_profile": [],
            "id": "lt-045680fe1c0a9f402",
            "image_id": "ami-02396cdd13e9a1257",
            "instance_initiated_shutdown_behavior": "",
            "instance_market_options": [],
            "instance_requirements": [],
            "instance_type": "t2.micro",
            "kernel_id": "",
            "key_name": "P1 3tier archi keypair",
            "latest_version": 1,
            "license_specification": [],
            "maintenance_options": [],
            "metadata_options": [],
            "monitoring": [
              {
                "enabled": true
              }
            ],
            "name": "Apptier-launch-template",
            "name_prefix": "",
            "network_interfaces": [],
            "placement": [],
            "private_dns_name_options": [],
            "ram_disk_id": "",
            "security_group_names": null,
            "tag_specifications": [
              {
                "resource_type": "instance",
                "tags": {
                  "Name": "Apptier template"
                }
              }
            ],
            "tags": null,
            "tags_all": {},
            "update_default_version": null,
            "user_data": "IyEvYmluL2Jhc2gKCiNDaGFuZ2UgdG8gcm9vdCB1c2VyCnN1ZG8gc3UKCiNVcGRhdGUgYWxsIHBhY2thZ2UgcmVwb3NpdG9yaWVzCmRuZiB1cGRhdGUgLXkKCiNJbnN0YWxsIG1hcmlhZGIgb24gaW5zdGFuY2UKZG5mIGluc3RhbGwgbWFyaWFkYjEwNS1zZXJ2ZXIgLXkKCiNJbnN0YWxsIGFwYWNoZSBmb3IgQUxCIGxpc3RlbmVyCmRuZiBpbnN0YWxsIC15IGh0dHBkCnN5c3RlbWN0bCBzdGFydCBodHRwZApzeXN0ZW1jdGwgZW5hYmxlIGh0dHBkCnRvdWNoIC92YXIvd3d3L2h0bWwvaW5kZXguaHRtbAoK",
            "vpc_security_group_ids": [
              "sg-0bc68174c01ed78e4"
            ]
          },
          "sensitive_attributes": [],
          "private": "bnVsbA==",
          "dependencies": [
            "aws_key_pair.P1_3tier_archi_keypair",
            "aws_security_group.apptier-alb-sg",
            "aws_security_group.apptier-sg",
            "aws_security_group.bastion-host-sg",
            "aws_security_group.webtier-alb-sg",
            "aws_security_group.webtier-sg",
            "aws_vpc.P1-3-tier-archi",
            "tls_private_key.P1_keypair"
          ],
          "create_before_destroy": true
        }
      ]
    },
    {
      "mode": "managed",
      "type": "aws_launch_template",
      "name": "Webtier-launch-template",
      "provider": "provider[\"registry.terraform.io/hashicorp/aws\"]",
      "instances": [
        {
          "schema_version": 0,
          "attributes": {
            "arn": "arn:aws:ec2:us-east-1:153254932719:launch-template/lt-0593f84513f3b0013",
            "block_device_mappings": [],
            "capacity_reservation_specification": [],
            "cpu_options": [],
            "credit_specification": [],
            "default_version": 1,
            "description": "Launch Template for Web Tier",
            "disable_api_stop": false,
            "disable_api_termination": false,
            "ebs_optimized": "",
            "elastic_gpu_specifications": [],
            "elastic_inference_accelerator": [],
            "enclave_options": [],
            "hibernation_options": [],
            "iam_instance_profile": [],
            "id": "lt-0593f84513f3b0013",
            "image_id": "ami-02396cdd13e9a1257",
            "instance_initiated_shutdown_behavior": "",
            "instance_market_options": [],
            "instance_requirements": [],
            "instance_type": "t2.micro",
            "kernel_id": "",
            "key_name": "P1 3tier archi keypair",
            "latest_version": 1,
            "license_specification": [],
            "maintenance_options": [],
            "metadata_options": [
              {
                "http_endpoint": "enabled",
                "http_protocol_ipv6": "disabled",
                "http_put_response_hop_limit": 0,
                "http_tokens": "",
                "instance_metadata_tags": "disabled"
              }
            ],
            "monitoring": [
              {
                "enabled": true
              }
            ],
            "name": "Webtier-launch-template",
            "name_prefix": "",
            "network_interfaces": [
              {
                "associate_carrier_ip_address": "",
                "associate_public_ip_address": "true",
                "delete_on_termination": "",
                "description": "",
                "device_index": 0,
                "interface_type": "",
                "ipv4_address_count": 0,
                "ipv4_addresses": null,
                "ipv4_prefix_count": 0,
                "ipv4_prefixes": null,
                "ipv6_address_count": 0,
                "ipv6_addresses": null,
                "ipv6_prefix_count": 0,
                "ipv6_prefixes": null,
                "network_card_index": 0,
                "network_interface_id": "",
                "private_ip_address": "",
                "security_groups": [
                  "sg-03479f2ed99f481a5"
                ],
                "subnet_id": ""
              }
            ],
            "placement": [],
            "private_dns_name_options": [],
            "ram_disk_id": "",
            "security_group_names": null,
            "tag_specifications": [
              {
                "resource_type": "instance",
                "tags": {
                  "Name": "Webtier template"
                }
              }
            ],
            "tags": null,
            "tags_all": {},
            "update_default_version": null,
            "user_data": "IyEvYmluL2Jhc2gKCiNDaGFuZ2UgdG8gcm9vdCB1c2VyCnN1ZG8gc3UKCiNVcGRhdGUgYWxsIHBhY2thZ2UgcmVwb3NpdG9yaWVzCmRuZiB1cGRhdGUgLXkKCiNJbnN0YWxsIEFwYWNoZSB3ZWIgc2VydmVyCmRuZiBpbnN0YWxsIC15IGh0dHBkCgojSW5zdGFsbCBzdHJlc3MgdG8gdGVzdCBFQzIgSW5zdGFuY2UgdW5kZXIgc3RyZXNzIHdvcmsgbG9hZApkbmYgaW5zdGFsbCBzdHJlc3MgLXkKCiNTdGFydCBhbmQgRW5hYmxlIEFwYWNoZSB3ZWIgc2VydmVyCnN5c3RlbWN0bCBzdGFydCBodHRwZApzeXN0ZW1jdGwgZW5hYmxlIGh0dHBkCgojUmV0cml2ZSBFQzIgaW5zdGFuY2UgcHVibGljIGlwdjQgbWV0YWRhdGEKcHVibGljaXB2ND0kKFRPS0VOPWBjdXJsIC1YIFBVVCAiaHR0cDovLzE2OS4yNTQuMTY5LjI1NC9sYXRlc3QvYXBpL3Rva2VuIiAtSCAiWC1hd3MtZWMyLW1ldGFkYXRhLXRva2VuLXR0bC1zZWNvbmRzOiAyMTYwMCJgIFwKJiYgY3VybCAtSCAiWC1hd3MtZWMyLW1ldGFkYXRhLXRva2VuOiAkVE9LRU4iIC12IGh0dHA6Ly8xNjkuMjU0LjE2OS4yNTQvbGF0ZXN0L21ldGEtZGF0YS9wdWJsaWMtaXB2NCkKCiMgSW5jbHVkZSBhIHNpbXBsZSB3ZWJwYWdlIHRvIHNob3cgdGhlIElQIGFkZHJlc3Mgb2YgdGhlIGluc3RhbmNlCmVjaG8gIjxodG1sPjxoZWFkPjxzdHlsZT5oMSB7dGV4dC1hbGlnbjogY2VudGVyO31oMiB7dGV4dC1hbGlnbjogY2VudGVyO308L3N0eWxlPjwvaGVhZD48Ym9keT48aDE+V2VsY29tZSB0byBteSBXZWIgU2VydmVyISA8L2gxPjxoMj5JUCBhZGRyZXNzOiAkcHVibGljaXB2NDwvaDI+PC9ib2R5PjwvaHRtbD4iID4gL3Zhci93d3cvaHRtbC9pbmRleC5odG1sCg==",
            "vpc_security_group_ids": null
          },
          "sensitive_attributes": [],
          "private": "bnVsbA==",
          "dependencies": [
            "aws_key_pair.P1_3tier_archi_keypair",
            "aws_security_group.webtier-alb-sg",
            "aws_security_group.webtier-sg",
            "aws_vpc.P1-3-tier-archi",
            "tls_private_key.P1_keypair"
          ],
          "create_before_destroy": true
        }
      ]
    },
    {
      "mode": "managed",
      "type": "aws_lb",
      "name": "apptier-alb",
      "provider": "provider[\"registry.terraform.io/hashicorp/aws\"]",
      "instances": [
        {
          "schema_version": 0,
          "attributes": {
            "access_logs": [
              {
                "bucket": "",
                "enabled": false,
                "prefix": ""
              }
            ],
            "arn": "arn:aws:elasticloadbalancing:us-east-1:153254932719:loadbalancer/app/Apptier-LB/85b3a373c2b07622",
            "arn_suffix": "app/Apptier-LB/85b3a373c2b07622",
            "customer_owned_ipv4_pool": "",
            "desync_mitigation_mode": "defensive",
            "dns_name": "internal-Apptier-LB-1631384738.us-east-1.elb.amazonaws.com",
            "drop_invalid_header_fields": false,
            "enable_cross_zone_load_balancing": true,
            "enable_deletion_protection": false,
            "enable_http2": true,
            "enable_tls_version_and_cipher_suite_headers": false,
            "enable_waf_fail_open": false,
            "enable_xff_client_port": false,
            "id": "arn:aws:elasticloadbalancing:us-east-1:153254932719:loadbalancer/app/Apptier-LB/85b3a373c2b07622",
            "idle_timeout": 60,
            "internal": true,
            "ip_address_type": "ipv4",
            "load_balancer_type": "application",
            "name": "Apptier-LB",
            "name_prefix": null,
            "preserve_host_header": false,
            "security_groups": [
              "sg-06afa67e6934da930"
            ],
            "subnet_mapping": [
              {
                "allocation_id": "",
                "ipv6_address": "",
                "outpost_id": "",
                "private_ipv4_address": "",
                "subnet_id": "subnet-03761ad0f3bc14e1b"
              },
              {
                "allocation_id": "",
                "ipv6_address": "",
                "outpost_id": "",
                "private_ipv4_address": "",
                "subnet_id": "subnet-06be3b124c67e05b7"
              }
            ],
            "subnets": [
              "subnet-03761ad0f3bc14e1b",
              "subnet-06be3b124c67e05b7"
            ],
            "tags": null,
            "tags_all": {},
            "timeouts": null,
            "vpc_id": "vpc-0cfa8560991eb6f0d",
            "xff_header_processing_mode": "append",
            "zone_id": "Z35SXDOTRQ7X7K"
          },
          "sensitive_attributes": [],
          "private": "eyJlMmJmYjczMC1lY2FhLTExZTYtOGY4OC0zNDM2M2JjN2M0YzAiOnsiY3JlYXRlIjo2MDAwMDAwMDAwMDAsImRlbGV0ZSI6NjAwMDAwMDAwMDAwLCJ1cGRhdGUiOjYwMDAwMDAwMDAwMH19",
          "dependencies": [
            "aws_security_group.apptier-alb-sg",
            "aws_security_group.webtier-alb-sg",
            "aws_security_group.webtier-sg",
            "aws_subnet.private_apptier_subnet",
            "aws_vpc.P1-3-tier-archi"
          ]
        }
      ]
    },
    {
      "mode": "managed",
      "type": "aws_lb",
      "name": "webtier-alb",
      "provider": "provider[\"registry.terraform.io/hashicorp/aws\"]",
      "instances": [
        {
          "schema_version": 0,
          "attributes": {
            "access_logs": [
              {
                "bucket": "",
                "enabled": false,
                "prefix": ""
              }
            ],
            "arn": "arn:aws:elasticloadbalancing:us-east-1:153254932719:loadbalancer/app/Webtier-LB/b23d4fcf20e1874b",
            "arn_suffix": "app/Webtier-LB/b23d4fcf20e1874b",
            "customer_owned_ipv4_pool": "",
            "desync_mitigation_mode": "defensive",
            "dns_name": "Webtier-LB-1693217533.us-east-1.elb.amazonaws.com",
            "drop_invalid_header_fields": false,
            "enable_cross_zone_load_balancing": true,
            "enable_deletion_protection": false,
            "enable_http2": true,
            "enable_tls_version_and_cipher_suite_headers": false,
            "enable_waf_fail_open": false,
            "enable_xff_client_port": false,
            "id": "arn:aws:elasticloadbalancing:us-east-1:153254932719:loadbalancer/app/Webtier-LB/b23d4fcf20e1874b",
            "idle_timeout": 60,
            "internal": false,
            "ip_address_type": "ipv4",
            "load_balancer_type": "application",
            "name": "Webtier-LB",
            "name_prefix": null,
            "preserve_host_header": false,
            "security_groups": [
              "sg-0f9aa020cf980fabc"
            ],
            "subnet_mapping": [
              {
                "allocation_id": "",
                "ipv6_address": "",
                "outpost_id": "",
                "private_ipv4_address": "",
                "subnet_id": "subnet-00931cfc9e63c8df5"
              },
              {
                "allocation_id": "",
                "ipv6_address": "",
                "outpost_id": "",
                "private_ipv4_address": "",
                "subnet_id": "subnet-0139b162a8a952d20"
              }
            ],
            "subnets": [
              "subnet-00931cfc9e63c8df5",
              "subnet-0139b162a8a952d20"
            ],
            "tags": null,
            "tags_all": {},
            "timeouts": null,
            "vpc_id": "vpc-0cfa8560991eb6f0d",
            "xff_header_processing_mode": "append",
            "zone_id": "Z35SXDOTRQ7X7K"
          },
          "sensitive_attributes": [],
          "private": "eyJlMmJmYjczMC1lY2FhLTExZTYtOGY4OC0zNDM2M2JjN2M0YzAiOnsiY3JlYXRlIjo2MDAwMDAwMDAwMDAsImRlbGV0ZSI6NjAwMDAwMDAwMDAwLCJ1cGRhdGUiOjYwMDAwMDAwMDAwMH19",
          "dependencies": [
            "aws_security_group.webtier-alb-sg",
            "aws_subnet.public_webtier_subnet",
            "aws_vpc.P1-3-tier-archi"
          ]
        }
      ]
    },
    {
      "mode": "managed",
      "type": "aws_lb_listener",
      "name": "apptier-alb",
      "provider": "provider[\"registry.terraform.io/hashicorp/aws\"]",
      "instances": [
        {
          "schema_version": 0,
          "attributes": {
            "alpn_policy": null,
            "arn": "arn:aws:elasticloadbalancing:us-east-1:153254932719:listener/app/Apptier-LB/85b3a373c2b07622/2e1e3fd4b316a3e6",
            "certificate_arn": null,
            "default_action": [
              {
                "authenticate_cognito": [],
                "authenticate_oidc": [],
                "fixed_response": [],
                "forward": [],
                "order": 1,
                "redirect": [],
                "target_group_arn": "arn:aws:elasticloadbalancing:us-east-1:153254932719:targetgroup/Apptier-ALB-TG/94aab28ebb4c2e24",
                "type": "forward"
              }
            ],
            "id": "arn:aws:elasticloadbalancing:us-east-1:153254932719:listener/app/Apptier-LB/85b3a373c2b07622/2e1e3fd4b316a3e6",
            "load_balancer_arn": "arn:aws:elasticloadbalancing:us-east-1:153254932719:loadbalancer/app/Apptier-LB/85b3a373c2b07622",
            "port": 80,
            "protocol": "HTTP",
            "ssl_policy": "",
            "tags": null,
            "tags_all": {},
            "timeouts": null
          },
          "sensitive_attributes": [],
          "private": "eyJlMmJmYjczMC1lY2FhLTExZTYtOGY4OC0zNDM2M2JjN2M0YzAiOnsicmVhZCI6NjAwMDAwMDAwMDAwfX0=",
          "dependencies": [
            "aws_lb.apptier-alb",
            "aws_lb_target_group.apptier-alb-tg",
            "aws_security_group.apptier-alb-sg",
            "aws_security_group.webtier-alb-sg",
            "aws_security_group.webtier-sg",
            "aws_subnet.private_apptier_subnet",
            "aws_vpc.P1-3-tier-archi"
          ]
        }
      ]
    },
    {
      "mode": "managed",
      "type": "aws_lb_listener",
      "name": "webtier-alb",
      "provider": "provider[\"registry.terraform.io/hashicorp/aws\"]",
      "instances": [
        {
          "schema_version": 0,
          "attributes": {
            "alpn_policy": null,
            "arn": "arn:aws:elasticloadbalancing:us-east-1:153254932719:listener/app/Webtier-LB/b23d4fcf20e1874b/d1a07b5542126f68",
            "certificate_arn": null,
            "default_action": [
              {
                "authenticate_cognito": [],
                "authenticate_oidc": [],
                "fixed_response": [],
                "forward": [],
                "order": 1,
                "redirect": [],
                "target_group_arn": "arn:aws:elasticloadbalancing:us-east-1:153254932719:targetgroup/Webtier-ALB-TG/8d53b3935f29d74f",
                "type": "forward"
              }
            ],
            "id": "arn:aws:elasticloadbalancing:us-east-1:153254932719:listener/app/Webtier-LB/b23d4fcf20e1874b/d1a07b5542126f68",
            "load_balancer_arn": "arn:aws:elasticloadbalancing:us-east-1:153254932719:loadbalancer/app/Webtier-LB/b23d4fcf20e1874b",
            "port": 80,
            "protocol": "HTTP",
            "ssl_policy": "",
            "tags": null,
            "tags_all": {},
            "timeouts": null
          },
          "sensitive_attributes": [],
          "private": "eyJlMmJmYjczMC1lY2FhLTExZTYtOGY4OC0zNDM2M2JjN2M0YzAiOnsicmVhZCI6NjAwMDAwMDAwMDAwfX0=",
          "dependencies": [
            "aws_lb.webtier-alb",
            "aws_lb_target_group.webtier-alb-tg",
            "aws_security_group.webtier-alb-sg",
            "aws_subnet.public_webtier_subnet",
            "aws_vpc.P1-3-tier-archi"
          ]
        }
      ]
    },
    {
      "mode": "managed",
      "type": "aws_lb_target_group",
      "name": "apptier-alb-tg",
      "provider": "provider[\"registry.terraform.io/hashicorp/aws\"]",
      "instances": [
        {
          "schema_version": 0,
          "attributes": {
            "arn": "arn:aws:elasticloadbalancing:us-east-1:153254932719:targetgroup/Apptier-ALB-TG/94aab28ebb4c2e24",
            "arn_suffix": "targetgroup/Apptier-ALB-TG/94aab28ebb4c2e24",
            "connection_termination": false,
            "deregistration_delay": "300",
            "health_check": [
              {
                "enabled": true,
                "healthy_threshold": 5,
                "interval": 30,
                "matcher": "200",
                "path": "/",
                "port": "traffic-port",
                "protocol": "HTTP",
                "timeout": 5,
                "unhealthy_threshold": 2
              }
            ],
            "id": "arn:aws:elasticloadbalancing:us-east-1:153254932719:targetgroup/Apptier-ALB-TG/94aab28ebb4c2e24",
            "ip_address_type": "ipv4",
            "lambda_multi_value_headers_enabled": false,
            "load_balancing_algorithm_type": "round_robin",
            "load_balancing_cross_zone_enabled": "use_load_balancer_configuration",
            "name": "Apptier-ALB-TG",
            "name_prefix": null,
            "port": 80,
            "preserve_client_ip": null,
            "protocol": "HTTP",
            "protocol_version": "HTTP1",
            "proxy_protocol_v2": false,
            "slow_start": 0,
            "stickiness": [
              {
                "cookie_duration": 86400,
                "cookie_name": "",
                "enabled": false,
                "type": "lb_cookie"
              }
            ],
            "tags": null,
            "tags_all": {},
            "target_failover": [
              {
                "on_deregistration": null,
                "on_unhealthy": null
              }
            ],
            "target_type": "instance",
            "vpc_id": "vpc-0cfa8560991eb6f0d"
          },
          "sensitive_attributes": [],
          "private": "bnVsbA==",
          "dependencies": [
            "aws_vpc.P1-3-tier-archi"
          ],
          "create_before_destroy": true
        }
      ]
    },
    {
      "mode": "managed",
      "type": "aws_lb_target_group",
      "name": "webtier-alb-tg",
      "provider": "provider[\"registry.terraform.io/hashicorp/aws\"]",
      "instances": [
        {
          "schema_version": 0,
          "attributes": {
            "arn": "arn:aws:elasticloadbalancing:us-east-1:153254932719:targetgroup/Webtier-ALB-TG/8d53b3935f29d74f",
            "arn_suffix": "targetgroup/Webtier-ALB-TG/8d53b3935f29d74f",
            "connection_termination": false,
            "deregistration_delay": "300",
            "health_check": [
              {
                "enabled": true,
                "healthy_threshold": 5,
                "interval": 30,
                "matcher": "200",
                "path": "/",
                "port": "traffic-port",
                "protocol": "HTTP",
                "timeout": 5,
                "unhealthy_threshold": 2
              }
            ],
            "id": "arn:aws:elasticloadbalancing:us-east-1:153254932719:targetgroup/Webtier-ALB-TG/8d53b3935f29d74f",
            "ip_address_type": "ipv4",
            "lambda_multi_value_headers_enabled": false,
            "load_balancing_algorithm_type": "round_robin",
            "load_balancing_cross_zone_enabled": "use_load_balancer_configuration",
            "name": "Webtier-ALB-TG",
            "name_prefix": null,
            "port": 80,
            "preserve_client_ip": null,
            "protocol": "HTTP",
            "protocol_version": "HTTP1",
            "proxy_protocol_v2": false,
            "slow_start": 0,
            "stickiness": [
              {
                "cookie_duration": 86400,
                "cookie_name": "",
                "enabled": false,
                "type": "lb_cookie"
              }
            ],
            "tags": null,
            "tags_all": {},
            "target_failover": [
              {
                "on_deregistration": null,
                "on_unhealthy": null
              }
            ],
            "target_type": "instance",
            "vpc_id": "vpc-0cfa8560991eb6f0d"
          },
          "sensitive_attributes": [],
          "private": "bnVsbA==",
          "dependencies": [
            "aws_vpc.P1-3-tier-archi"
          ],
          "create_before_destroy": true
        }
      ]
    },
    {
      "mode": "managed",
      "type": "aws_nat_gateway",
      "name": "Private_NAT_GW",
      "provider": "provider[\"registry.terraform.io/hashicorp/aws\"]",
      "instances": [
        {
          "schema_version": 0,
          "attributes": {
            "allocation_id": "eipalloc-0b51962a166c58e22",
            "connectivity_type": "public",
            "id": "nat-091154f74cde53de0",
            "network_interface_id": "eni-00825cff80c2c0092",
            "private_ip": "10.0.2.84",
            "public_ip": "3.222.182.19",
            "subnet_id": "subnet-0139b162a8a952d20",
            "tags": {
              "Name": "P1_NAT_Gateway"
            },
            "tags_all": {
              "Name": "P1_NAT_Gateway"
            }
          },
          "sensitive_attributes": [],
          "private": "bnVsbA==",
          "dependencies": [
            "aws_eip.NAT-Gateway-EIP",
            "aws_internet_gateway.P1_IG",
            "aws_route_table.public_RT",
            "aws_route_table_association.public_subnet_asso",
            "aws_subnet.public_webtier_subnet",
            "aws_vpc.P1-3-tier-archi"
          ]
        }
      ]
    },
    {
      "mode": "managed",
      "type": "aws_route_table",
      "name": "NAT-Gateway-RT-Apptier",
      "provider": "provider[\"registry.terraform.io/hashicorp/aws\"]",
      "instances": [
        {
          "schema_version": 0,
          "attributes": {
            "arn": "arn:aws:ec2:us-east-1:153254932719:route-table/rtb-0539c3c3ff6a1bbfc",
            "id": "rtb-0539c3c3ff6a1bbfc",
            "owner_id": "153254932719",
            "propagating_vgws": [],
            "route": [
              {
                "carrier_gateway_id": "",
                "cidr_block": "0.0.0.0/0",
                "core_network_arn": "",
                "destination_prefix_list_id": "",
                "egress_only_gateway_id": "",
                "gateway_id": "",
                "instance_id": "",
                "ipv6_cidr_block": "",
                "local_gateway_id": "",
                "nat_gateway_id": "nat-091154f74cde53de0",
                "network_interface_id": "",
                "transit_gateway_id": "",
                "vpc_endpoint_id": "",
                "vpc_peering_connection_id": ""
              }
            ],
            "tags": {
              "Name": "Route Table for NAT Gateway App tier"
            },
            "tags_all": {
              "Name": "Route Table for NAT Gateway App tier"
            },
            "timeouts": null,
            "vpc_id": "vpc-0cfa8560991eb6f0d"
          },
          "sensitive_attributes": [],
          "private": "eyJlMmJmYjczMC1lY2FhLTExZTYtOGY4OC0zNDM2M2JjN2M0YzAiOnsiY3JlYXRlIjozMDAwMDAwMDAwMDAsImRlbGV0ZSI6MzAwMDAwMDAwMDAwLCJ1cGRhdGUiOjEyMDAwMDAwMDAwMH19",
          "dependencies": [
            "aws_eip.NAT-Gateway-EIP",
            "aws_internet_gateway.P1_IG",
            "aws_nat_gateway.Private_NAT_GW",
            "aws_route_table.public_RT",
            "aws_route_table_association.public_subnet_asso",
            "aws_subnet.public_webtier_subnet",
            "aws_vpc.P1-3-tier-archi"
          ]
        }
      ]
    },
    {
      "mode": "managed",
      "type": "aws_route_table",
      "name": "NAT-Gateway-RT-Database",
      "provider": "provider[\"registry.terraform.io/hashicorp/aws\"]",
      "instances": [
        {
          "schema_version": 0,
          "attributes": {
            "arn": "arn:aws:ec2:us-east-1:153254932719:route-table/rtb-0967331025342e71a",
            "id": "rtb-0967331025342e71a",
            "owner_id": "153254932719",
            "propagating_vgws": [],
            "route": [
              {
                "carrier_gateway_id": "",
                "cidr_block": "0.0.0.0/0",
                "core_network_arn": "",
                "destination_prefix_list_id": "",
                "egress_only_gateway_id": "",
                "gateway_id": "",
                "instance_id": "",
                "ipv6_cidr_block": "",
                "local_gateway_id": "",
                "nat_gateway_id": "nat-091154f74cde53de0",
                "network_interface_id": "",
                "transit_gateway_id": "",
                "vpc_endpoint_id": "",
                "vpc_peering_connection_id": ""
              }
            ],
            "tags": {
              "Name": "Route Table for NAT Gateway Database"
            },
            "tags_all": {
              "Name": "Route Table for NAT Gateway Database"
            },
            "timeouts": null,
            "vpc_id": "vpc-0cfa8560991eb6f0d"
          },
          "sensitive_attributes": [],
          "private": "eyJlMmJmYjczMC1lY2FhLTExZTYtOGY4OC0zNDM2M2JjN2M0YzAiOnsiY3JlYXRlIjozMDAwMDAwMDAwMDAsImRlbGV0ZSI6MzAwMDAwMDAwMDAwLCJ1cGRhdGUiOjEyMDAwMDAwMDAwMH19",
          "dependencies": [
            "aws_eip.NAT-Gateway-EIP",
            "aws_internet_gateway.P1_IG",
            "aws_nat_gateway.Private_NAT_GW",
            "aws_route_table.public_RT",
            "aws_route_table_association.public_subnet_asso",
            "aws_subnet.public_webtier_subnet",
            "aws_vpc.P1-3-tier-archi"
          ]
        }
      ]
    },
    {
      "mode": "managed",
      "type": "aws_route_table",
      "name": "public_RT",
      "provider": "provider[\"registry.terraform.io/hashicorp/aws\"]",
      "instances": [
        {
          "schema_version": 0,
          "attributes": {
            "arn": "arn:aws:ec2:us-east-1:153254932719:route-table/rtb-034c800c924c06129",
            "id": "rtb-034c800c924c06129",
            "owner_id": "153254932719",
            "propagating_vgws": [],
            "route": [
              {
                "carrier_gateway_id": "",
                "cidr_block": "0.0.0.0/0",
                "core_network_arn": "",
                "destination_prefix_list_id": "",
                "egress_only_gateway_id": "",
                "gateway_id": "igw-056d1c05f926b3bec",
                "instance_id": "",
                "ipv6_cidr_block": "",
                "local_gateway_id": "",
                "nat_gateway_id": "",
                "network_interface_id": "",
                "transit_gateway_id": "",
                "vpc_endpoint_id": "",
                "vpc_peering_connection_id": ""
              }
            ],
            "tags": {
              "Name": "Public Route Table"
            },
            "tags_all": {
              "Name": "Public Route Table"
            },
            "timeouts": null,
            "vpc_id": "vpc-0cfa8560991eb6f0d"
          },
          "sensitive_attributes": [],
          "private": "eyJlMmJmYjczMC1lY2FhLTExZTYtOGY4OC0zNDM2M2JjN2M0YzAiOnsiY3JlYXRlIjozMDAwMDAwMDAwMDAsImRlbGV0ZSI6MzAwMDAwMDAwMDAwLCJ1cGRhdGUiOjEyMDAwMDAwMDAwMH19",
          "dependencies": [
            "aws_internet_gateway.P1_IG",
            "aws_vpc.P1-3-tier-archi"
          ]
        }
      ]
    },
    {
      "mode": "managed",
      "type": "aws_route_table_association",
      "name": "Nat-Gateway-RT-Association-Apptier",
      "provider": "provider[\"registry.terraform.io/hashicorp/aws\"]",
      "instances": [
        {
          "index_key": 0,
          "schema_version": 0,
          "attributes": {
            "gateway_id": "",
            "id": "rtbassoc-0d67b18fbeee66d1d",
            "route_table_id": "rtb-0539c3c3ff6a1bbfc",
            "subnet_id": "subnet-03761ad0f3bc14e1b"
          },
          "sensitive_attributes": [],
          "private": "bnVsbA==",
          "dependencies": [
            "aws_eip.NAT-Gateway-EIP",
            "aws_internet_gateway.P1_IG",
            "aws_nat_gateway.Private_NAT_GW",
            "aws_route_table.NAT-Gateway-RT-Apptier",
            "aws_route_table.public_RT",
            "aws_route_table_association.public_subnet_asso",
            "aws_subnet.private_apptier_subnet",
            "aws_subnet.public_webtier_subnet",
            "aws_vpc.P1-3-tier-archi"
          ]
        },
        {
          "index_key": 1,
          "schema_version": 0,
          "attributes": {
            "gateway_id": "",
            "id": "rtbassoc-026e32219c4fedb8e",
            "route_table_id": "rtb-0539c3c3ff6a1bbfc",
            "subnet_id": "subnet-06be3b124c67e05b7"
          },
          "sensitive_attributes": [],
          "private": "bnVsbA==",
          "dependencies": [
            "aws_eip.NAT-Gateway-EIP",
            "aws_internet_gateway.P1_IG",
            "aws_nat_gateway.Private_NAT_GW",
            "aws_route_table.NAT-Gateway-RT-Apptier",
            "aws_route_table.public_RT",
            "aws_route_table_association.public_subnet_asso",
            "aws_subnet.private_apptier_subnet",
            "aws_subnet.public_webtier_subnet",
            "aws_vpc.P1-3-tier-archi"
          ]
        }
      ]
    },
    {
      "mode": "managed",
      "type": "aws_route_table_association",
      "name": "Nat-Gateway-RT-Association-Database",
      "provider": "provider[\"registry.terraform.io/hashicorp/aws\"]",
      "instances": [
        {
          "index_key": 0,
          "schema_version": 0,
          "attributes": {
            "gateway_id": "",
            "id": "rtbassoc-0b6a87d39aed7502d",
            "route_table_id": "rtb-0967331025342e71a",
            "subnet_id": "subnet-0c18675789cd580d5"
          },
          "sensitive_attributes": [],
          "private": "bnVsbA==",
          "dependencies": [
            "aws_eip.NAT-Gateway-EIP",
            "aws_internet_gateway.P1_IG",
            "aws_nat_gateway.Private_NAT_GW",
            "aws_route_table.NAT-Gateway-RT-Database",
            "aws_route_table.public_RT",
            "aws_route_table_association.public_subnet_asso",
            "aws_subnet.private_database_subnet",
            "aws_subnet.public_webtier_subnet",
            "aws_vpc.P1-3-tier-archi"
          ]
        },
        {
          "index_key": 1,
          "schema_version": 0,
          "attributes": {
            "gateway_id": "",
            "id": "rtbassoc-0b3a3f0e38921edf5",
            "route_table_id": "rtb-0967331025342e71a",
            "subnet_id": "subnet-05520db98c4443ad4"
          },
          "sensitive_attributes": [],
          "private": "bnVsbA==",
          "dependencies": [
            "aws_eip.NAT-Gateway-EIP",
            "aws_internet_gateway.P1_IG",
            "aws_nat_gateway.Private_NAT_GW",
            "aws_route_table.NAT-Gateway-RT-Database",
            "aws_route_table.public_RT",
            "aws_route_table_association.public_subnet_asso",
            "aws_subnet.private_database_subnet",
            "aws_subnet.public_webtier_subnet",
            "aws_vpc.P1-3-tier-archi"
          ]
        }
      ]
    },
    {
      "mode": "managed",
      "type": "aws_route_table_association",
      "name": "public_subnet_asso",
      "provider": "provider[\"registry.terraform.io/hashicorp/aws\"]",
      "instances": [
        {
          "index_key": 0,
          "schema_version": 0,
          "attributes": {
            "gateway_id": "",
            "id": "rtbassoc-0abf6a6e5edd70402",
            "route_table_id": "rtb-034c800c924c06129",
            "subnet_id": "subnet-00931cfc9e63c8df5"
          },
          "sensitive_attributes": [],
          "private": "bnVsbA==",
          "dependencies": [
            "aws_internet_gateway.P1_IG",
            "aws_route_table.public_RT",
            "aws_subnet.public_webtier_subnet",
            "aws_vpc.P1-3-tier-archi"
          ]
        },
        {
          "index_key": 1,
          "schema_version": 0,
          "attributes": {
            "gateway_id": "",
            "id": "rtbassoc-06d52f701af2a7c40",
            "route_table_id": "rtb-034c800c924c06129",
            "subnet_id": "subnet-0139b162a8a952d20"
          },
          "sensitive_attributes": [],
          "private": "bnVsbA==",
          "dependencies": [
            "aws_internet_gateway.P1_IG",
            "aws_route_table.public_RT",
            "aws_subnet.public_webtier_subnet",
            "aws_vpc.P1-3-tier-archi"
          ]
        }
      ]
    },
    {
      "mode": "managed",
      "type": "aws_security_group",
      "name": "apptier-alb-sg",
      "provider": "provider[\"registry.terraform.io/hashicorp/aws\"]",
      "instances": [
        {
          "schema_version": 1,
          "attributes": {
            "arn": "arn:aws:ec2:us-east-1:153254932719:security-group/sg-06afa67e6934da930",
            "description": "Allow HTTP and HTTPS from webtier",
            "egress": [
              {
                "cidr_blocks": [
                  "0.0.0.0/0"
                ],
                "description": "",
                "from_port": 0,
                "ipv6_cidr_blocks": [],
                "prefix_list_ids": [],
                "protocol": "-1",
                "security_groups": [],
                "self": false,
                "to_port": 0
              }
            ],
            "id": "sg-06afa67e6934da930",
            "ingress": [
              {
                "cidr_blocks": [],
                "description": "HTTP from VPC",
                "from_port": 80,
                "ipv6_cidr_blocks": [],
                "prefix_list_ids": [],
                "protocol": "tcp",
                "security_groups": [
                  "sg-03479f2ed99f481a5"
                ],
                "self": false,
                "to_port": 80
              },
              {
                "cidr_blocks": [],
                "description": "HTTPS from VPC",
                "from_port": 443,
                "ipv6_cidr_blocks": [],
                "prefix_list_ids": [],
                "protocol": "tcp",
                "security_groups": [
                  "sg-03479f2ed99f481a5"
                ],
                "self": false,
                "to_port": 443
              }
            ],
            "name": "Apptier-ALB-SG",
            "name_prefix": "",
            "owner_id": "153254932719",
            "revoke_rules_on_delete": false,
            "tags": {
              "Name": "Apptier-ALB-SG"
            },
            "tags_all": {
              "Name": "Apptier-ALB-SG"
            },
            "timeouts": null,
            "vpc_id": "vpc-0cfa8560991eb6f0d"
          },
          "sensitive_attributes": [],
          "private": "eyJlMmJmYjczMC1lY2FhLTExZTYtOGY4OC0zNDM2M2JjN2M0YzAiOnsiY3JlYXRlIjo2MDAwMDAwMDAwMDAsImRlbGV0ZSI6OTAwMDAwMDAwMDAwfSwic2NoZW1hX3ZlcnNpb24iOiIxIn0=",
          "dependencies": [
            "aws_security_group.webtier-alb-sg",
            "aws_security_group.webtier-sg",
            "aws_vpc.P1-3-tier-archi"
          ],
          "create_before_destroy": true
        }
      ]
    },
    {
      "mode": "managed",
      "type": "aws_security_group",
      "name": "apptier-sg",
      "provider": "provider[\"registry.terraform.io/hashicorp/aws\"]",
      "instances": [
        {
          "schema_version": 1,
          "attributes": {
            "arn": "arn:aws:ec2:us-east-1:153254932719:security-group/sg-0bc68174c01ed78e4",
            "description": "Allow inbound traffic from apptier ALB",
            "egress": [
              {
                "cidr_blocks": [
                  "0.0.0.0/0"
                ],
                "description": "",
                "from_port": 0,
                "ipv6_cidr_blocks": [],
                "prefix_list_ids": [],
                "protocol": "-1",
                "security_groups": [],
                "self": false,
                "to_port": 0
              }
            ],
            "id": "sg-0bc68174c01ed78e4",
            "ingress": [
              {
                "cidr_blocks": [],
                "description": "Allow ssh from bastion host",
                "from_port": 22,
                "ipv6_cidr_blocks": [],
                "prefix_list_ids": [],
                "protocol": "tcp",
                "security_groups": [
                  "sg-0cdede4108fa5a6e1"
                ],
                "self": false,
                "to_port": 22
              },
              {
                "cidr_blocks": [],
                "description": "Allow traffic from apptier alb",
                "from_port": 0,
                "ipv6_cidr_blocks": [],
                "prefix_list_ids": [],
                "protocol": "-1",
                "security_groups": [
                  "sg-06afa67e6934da930"
                ],
                "self": false,
                "to_port": 0
              }
            ],
            "name": "Apptier-SG",
            "name_prefix": "",
            "owner_id": "153254932719",
            "revoke_rules_on_delete": false,
            "tags": {
              "Name": "Apptier-SG"
            },
            "tags_all": {
              "Name": "Apptier-SG"
            },
            "timeouts": null,
            "vpc_id": "vpc-0cfa8560991eb6f0d"
          },
          "sensitive_attributes": [],
          "private": "eyJlMmJmYjczMC1lY2FhLTExZTYtOGY4OC0zNDM2M2JjN2M0YzAiOnsiY3JlYXRlIjo2MDAwMDAwMDAwMDAsImRlbGV0ZSI6OTAwMDAwMDAwMDAwfSwic2NoZW1hX3ZlcnNpb24iOiIxIn0=",
          "dependencies": [
            "aws_security_group.apptier-alb-sg",
            "aws_security_group.bastion-host-sg",
            "aws_security_group.webtier-alb-sg",
            "aws_security_group.webtier-sg",
            "aws_vpc.P1-3-tier-archi"
          ],
          "create_before_destroy": true
        }
      ]
    },
    {
      "mode": "managed",
      "type": "aws_security_group",
      "name": "bastion-host-sg",
      "provider": "provider[\"registry.terraform.io/hashicorp/aws\"]",
      "instances": [
        {
          "schema_version": 1,
          "attributes": {
            "arn": "arn:aws:ec2:us-east-1:153254932719:security-group/sg-0cdede4108fa5a6e1",
            "description": "Allow Bastion host to ssh to App tier",
            "egress": [
              {
                "cidr_blocks": [
                  "0.0.0.0/0"
                ],
                "description": "",
                "from_port": 0,
                "ipv6_cidr_blocks": [],
                "prefix_list_ids": [],
                "protocol": "-1",
                "security_groups": [],
                "self": false,
                "to_port": 0
              }
            ],
            "id": "sg-0cdede4108fa5a6e1",
            "ingress": [
              {
                "cidr_blocks": [
                  "0.0.0.0/0"
                ],
                "description": "ssh from anywhere ",
                "from_port": 22,
                "ipv6_cidr_blocks": [],
                "prefix_list_ids": [],
                "protocol": "tcp",
                "security_groups": [],
                "self": false,
                "to_port": 22
              }
            ],
            "name": "Bastion-SG",
            "name_prefix": "",
            "owner_id": "153254932719",
            "revoke_rules_on_delete": false,
            "tags": {
              "Name": "Bastion-SG"
            },
            "tags_all": {
              "Name": "Bastion-SG"
            },
            "timeouts": null,
            "vpc_id": "vpc-0cfa8560991eb6f0d"
          },
          "sensitive_attributes": [],
          "private": "eyJlMmJmYjczMC1lY2FhLTExZTYtOGY4OC0zNDM2M2JjN2M0YzAiOnsiY3JlYXRlIjo2MDAwMDAwMDAwMDAsImRlbGV0ZSI6OTAwMDAwMDAwMDAwfSwic2NoZW1hX3ZlcnNpb24iOiIxIn0=",
          "dependencies": [
            "aws_vpc.P1-3-tier-archi"
          ],
          "create_before_destroy": true
        }
      ]
    },
    {
      "mode": "managed",
      "type": "aws_security_group",
      "name": "webtier-alb-sg",
      "provider": "provider[\"registry.terraform.io/hashicorp/aws\"]",
      "instances": [
        {
          "schema_version": 1,
          "attributes": {
            "arn": "arn:aws:ec2:us-east-1:153254932719:security-group/sg-0f9aa020cf980fabc",
            "description": "Allow HTTP and HTTPS inbound traffic",
            "egress": [
              {
                "cidr_blocks": [
                  "0.0.0.0/0"
                ],
                "description": "",
                "from_port": 0,
                "ipv6_cidr_blocks": [],
                "prefix_list_ids": [],
                "protocol": "-1",
                "security_groups": [],
                "self": false,
                "to_port": 0
              }
            ],
            "id": "sg-0f9aa020cf980fabc",
            "ingress": [
              {
                "cidr_blocks": [
                  "0.0.0.0/0"
                ],
                "description": "HTTP from VPC",
                "from_port": 80,
                "ipv6_cidr_blocks": [],
                "prefix_list_ids": [],
                "protocol": "tcp",
                "security_groups": [],
                "self": false,
                "to_port": 80
              },
              {
                "cidr_blocks": [
                  "0.0.0.0/0"
                ],
                "description": "HTTPS from VPC",
                "from_port": 443,
                "ipv6_cidr_blocks": [],
                "prefix_list_ids": [],
                "protocol": "tcp",
                "security_groups": [],
                "self": false,
                "to_port": 443
              }
            ],
            "name": "Webtier-ALB-SG",
            "name_prefix": "",
            "owner_id": "153254932719",
            "revoke_rules_on_delete": false,
            "tags": {
              "Name": "Webtier-ALB-SG"
            },
            "tags_all": {
              "Name": "Webtier-ALB-SG"
            },
            "timeouts": null,
            "vpc_id": "vpc-0cfa8560991eb6f0d"
          },
          "sensitive_attributes": [],
          "private": "eyJlMmJmYjczMC1lY2FhLTExZTYtOGY4OC0zNDM2M2JjN2M0YzAiOnsiY3JlYXRlIjo2MDAwMDAwMDAwMDAsImRlbGV0ZSI6OTAwMDAwMDAwMDAwfSwic2NoZW1hX3ZlcnNpb24iOiIxIn0=",
          "dependencies": [
            "aws_vpc.P1-3-tier-archi"
          ],
          "create_before_destroy": true
        }
      ]
    },
    {
      "mode": "managed",
      "type": "aws_security_group",
      "name": "webtier-sg",
      "provider": "provider[\"registry.terraform.io/hashicorp/aws\"]",
      "instances": [
        {
          "schema_version": 1,
          "attributes": {
            "arn": "arn:aws:ec2:us-east-1:153254932719:security-group/sg-03479f2ed99f481a5",
            "description": "Allow inbound traffic from ALB",
            "egress": [
              {
                "cidr_blocks": [
                  "0.0.0.0/0"
                ],
                "description": "",
                "from_port": 0,
                "ipv6_cidr_blocks": [],
                "prefix_list_ids": [],
                "protocol": "-1",
                "security_groups": [],
                "self": false,
                "to_port": 0
              }
            ],
            "id": "sg-03479f2ed99f481a5",
            "ingress": [
              {
                "cidr_blocks": [
                  "0.0.0.0/0"
                ],
                "description": "ssh for stress test ",
                "from_port": 22,
                "ipv6_cidr_blocks": [],
                "prefix_list_ids": [],
                "protocol": "tcp",
                "security_groups": [],
                "self": false,
                "to_port": 22
              },
              {
                "cidr_blocks": [],
                "description": "Allow traffic from Web tier ALB",
                "from_port": 0,
                "ipv6_cidr_blocks": [],
                "prefix_list_ids": [],
                "protocol": "-1",
                "security_groups": [
                  "sg-0f9aa020cf980fabc"
                ],
                "self": false,
                "to_port": 0
              }
            ],
            "name": "Webtier-SG",
            "name_prefix": "",
            "owner_id": "153254932719",
            "revoke_rules_on_delete": false,
            "tags": {
              "Name": "Webtier-SG"
            },
            "tags_all": {
              "Name": "Webtier-SG"
            },
            "timeouts": null,
            "vpc_id": "vpc-0cfa8560991eb6f0d"
          },
          "sensitive_attributes": [],
          "private": "eyJlMmJmYjczMC1lY2FhLTExZTYtOGY4OC0zNDM2M2JjN2M0YzAiOnsiY3JlYXRlIjo2MDAwMDAwMDAwMDAsImRlbGV0ZSI6OTAwMDAwMDAwMDAwfSwic2NoZW1hX3ZlcnNpb24iOiIxIn0=",
          "dependencies": [
            "aws_security_group.webtier-alb-sg",
            "aws_vpc.P1-3-tier-archi"
          ],
          "create_before_destroy": true
        }
      ]
    },
    {
      "mode": "managed",
      "type": "aws_subnet",
      "name": "private_apptier_subnet",
      "provider": "provider[\"registry.terraform.io/hashicorp/aws\"]",
      "instances": [
        {
          "index_key": 0,
          "schema_version": 1,
          "attributes": {
            "arn": "arn:aws:ec2:us-east-1:153254932719:subnet/subnet-03761ad0f3bc14e1b",
            "assign_ipv6_address_on_creation": false,
            "availability_zone": "us-east-1a",
            "availability_zone_id": "use1-az4",
            "cidr_block": "10.0.3.0/24",
            "customer_owned_ipv4_pool": "",
            "enable_dns64": false,
            "enable_resource_name_dns_a_record_on_launch": false,
            "enable_resource_name_dns_aaaa_record_on_launch": false,
            "id": "subnet-03761ad0f3bc14e1b",
            "ipv6_cidr_block": "",
            "ipv6_cidr_block_association_id": "",
            "ipv6_native": false,
            "map_customer_owned_ip_on_launch": false,
            "map_public_ip_on_launch": false,
            "outpost_arn": "",
            "owner_id": "153254932719",
            "private_dns_hostname_type_on_launch": "ip-name",
            "tags": {
              "Name": "Private Apptier Subnet 1"
            },
            "tags_all": {
              "Name": "Private Apptier Subnet 1"
            },
            "timeouts": null,
            "vpc_id": "vpc-0cfa8560991eb6f0d"
          },
          "sensitive_attributes": [],
          "private": "eyJlMmJmYjczMC1lY2FhLTExZTYtOGY4OC0zNDM2M2JjN2M0YzAiOnsiY3JlYXRlIjo2MDAwMDAwMDAwMDAsImRlbGV0ZSI6MTIwMDAwMDAwMDAwMH0sInNjaGVtYV92ZXJzaW9uIjoiMSJ9",
          "dependencies": [
            "aws_vpc.P1-3-tier-archi"
          ],
          "create_before_destroy": true
        },
        {
          "index_key": 1,
          "schema_version": 1,
          "attributes": {
            "arn": "arn:aws:ec2:us-east-1:153254932719:subnet/subnet-06be3b124c67e05b7",
            "assign_ipv6_address_on_creation": false,
            "availability_zone": "us-east-1b",
            "availability_zone_id": "use1-az6",
            "cidr_block": "10.0.4.0/24",
            "customer_owned_ipv4_pool": "",
            "enable_dns64": false,
            "enable_resource_name_dns_a_record_on_launch": false,
            "enable_resource_name_dns_aaaa_record_on_launch": false,
            "id": "subnet-06be3b124c67e05b7",
            "ipv6_cidr_block": "",
            "ipv6_cidr_block_association_id": "",
            "ipv6_native": false,
            "map_customer_owned_ip_on_launch": false,
            "map_public_ip_on_launch": false,
            "outpost_arn": "",
            "owner_id": "153254932719",
            "private_dns_hostname_type_on_launch": "ip-name",
            "tags": {
              "Name": "Private Apptier Subnet 2"
            },
            "tags_all": {
              "Name": "Private Apptier Subnet 2"
            },
            "timeouts": null,
            "vpc_id": "vpc-0cfa8560991eb6f0d"
          },
          "sensitive_attributes": [],
          "private": "eyJlMmJmYjczMC1lY2FhLTExZTYtOGY4OC0zNDM2M2JjN2M0YzAiOnsiY3JlYXRlIjo2MDAwMDAwMDAwMDAsImRlbGV0ZSI6MTIwMDAwMDAwMDAwMH0sInNjaGVtYV92ZXJzaW9uIjoiMSJ9",
          "dependencies": [
            "aws_vpc.P1-3-tier-archi"
          ],
          "create_before_destroy": true
        }
      ]
    },
    {
      "mode": "managed",
      "type": "aws_subnet",
      "name": "private_database_subnet",
      "provider": "provider[\"registry.terraform.io/hashicorp/aws\"]",
      "instances": [
        {
          "index_key": 0,
          "schema_version": 1,
          "attributes": {
            "arn": "arn:aws:ec2:us-east-1:153254932719:subnet/subnet-0c18675789cd580d5",
            "assign_ipv6_address_on_creation": false,
            "availability_zone": "us-east-1a",
            "availability_zone_id": "use1-az4",
            "cidr_block": "10.0.5.0/24",
            "customer_owned_ipv4_pool": "",
            "enable_dns64": false,
            "enable_resource_name_dns_a_record_on_launch": false,
            "enable_resource_name_dns_aaaa_record_on_launch": false,
            "id": "subnet-0c18675789cd580d5",
            "ipv6_cidr_block": "",
            "ipv6_cidr_block_association_id": "",
            "ipv6_native": false,
            "map_customer_owned_ip_on_launch": false,
            "map_public_ip_on_launch": false,
            "outpost_arn": "",
            "owner_id": "153254932719",
            "private_dns_hostname_type_on_launch": "ip-name",
            "tags": {
              "Name": "Private Database Subnet 1"
            },
            "tags_all": {
              "Name": "Private Database Subnet 1"
            },
            "timeouts": null,
            "vpc_id": "vpc-0cfa8560991eb6f0d"
          },
          "sensitive_attributes": [],
          "private": "eyJlMmJmYjczMC1lY2FhLTExZTYtOGY4OC0zNDM2M2JjN2M0YzAiOnsiY3JlYXRlIjo2MDAwMDAwMDAwMDAsImRlbGV0ZSI6MTIwMDAwMDAwMDAwMH0sInNjaGVtYV92ZXJzaW9uIjoiMSJ9",
          "dependencies": [
            "aws_vpc.P1-3-tier-archi"
          ]
        },
        {
          "index_key": 1,
          "schema_version": 1,
          "attributes": {
            "arn": "arn:aws:ec2:us-east-1:153254932719:subnet/subnet-05520db98c4443ad4",
            "assign_ipv6_address_on_creation": false,
            "availability_zone": "us-east-1b",
            "availability_zone_id": "use1-az6",
            "cidr_block": "10.0.6.0/24",
            "customer_owned_ipv4_pool": "",
            "enable_dns64": false,
            "enable_resource_name_dns_a_record_on_launch": false,
            "enable_resource_name_dns_aaaa_record_on_launch": false,
            "id": "subnet-05520db98c4443ad4",
            "ipv6_cidr_block": "",
            "ipv6_cidr_block_association_id": "",
            "ipv6_native": false,
            "map_customer_owned_ip_on_launch": false,
            "map_public_ip_on_launch": false,
            "outpost_arn": "",
            "owner_id": "153254932719",
            "private_dns_hostname_type_on_launch": "ip-name",
            "tags": {
              "Name": "Private Database Subnet 2"
            },
            "tags_all": {
              "Name": "Private Database Subnet 2"
            },
            "timeouts": null,
            "vpc_id": "vpc-0cfa8560991eb6f0d"
          },
          "sensitive_attributes": [],
          "private": "eyJlMmJmYjczMC1lY2FhLTExZTYtOGY4OC0zNDM2M2JjN2M0YzAiOnsiY3JlYXRlIjo2MDAwMDAwMDAwMDAsImRlbGV0ZSI6MTIwMDAwMDAwMDAwMH0sInNjaGVtYV92ZXJzaW9uIjoiMSJ9",
          "dependencies": [
            "aws_vpc.P1-3-tier-archi"
          ]
        }
      ]
    },
    {
      "mode": "managed",
      "type": "aws_subnet",
      "name": "public_webtier_subnet",
      "provider": "provider[\"registry.terraform.io/hashicorp/aws\"]",
      "instances": [
        {
          "index_key": 0,
          "schema_version": 1,
          "attributes": {
            "arn": "arn:aws:ec2:us-east-1:153254932719:subnet/subnet-00931cfc9e63c8df5",
            "assign_ipv6_address_on_creation": false,
            "availability_zone": "us-east-1a",
            "availability_zone_id": "use1-az4",
            "cidr_block": "10.0.1.0/24",
            "customer_owned_ipv4_pool": "",
            "enable_dns64": false,
            "enable_resource_name_dns_a_record_on_launch": false,
            "enable_resource_name_dns_aaaa_record_on_launch": false,
            "id": "subnet-00931cfc9e63c8df5",
            "ipv6_cidr_block": "",
            "ipv6_cidr_block_association_id": "",
            "ipv6_native": false,
            "map_customer_owned_ip_on_launch": false,
            "map_public_ip_on_launch": false,
            "outpost_arn": "",
            "owner_id": "153254932719",
            "private_dns_hostname_type_on_launch": "ip-name",
            "tags": {
              "Name": "Public Webtier Subnet 1"
            },
            "tags_all": {
              "Name": "Public Webtier Subnet 1"
            },
            "timeouts": null,
            "vpc_id": "vpc-0cfa8560991eb6f0d"
          },
          "sensitive_attributes": [],
          "private": "eyJlMmJmYjczMC1lY2FhLTExZTYtOGY4OC0zNDM2M2JjN2M0YzAiOnsiY3JlYXRlIjo2MDAwMDAwMDAwMDAsImRlbGV0ZSI6MTIwMDAwMDAwMDAwMH0sInNjaGVtYV92ZXJzaW9uIjoiMSJ9",
          "dependencies": [
            "aws_vpc.P1-3-tier-archi"
          ],
          "create_before_destroy": true
        },
        {
          "index_key": 1,
          "schema_version": 1,
          "attributes": {
            "arn": "arn:aws:ec2:us-east-1:153254932719:subnet/subnet-0139b162a8a952d20",
            "assign_ipv6_address_on_creation": false,
            "availability_zone": "us-east-1b",
            "availability_zone_id": "use1-az6",
            "cidr_block": "10.0.2.0/24",
            "customer_owned_ipv4_pool": "",
            "enable_dns64": false,
            "enable_resource_name_dns_a_record_on_launch": false,
            "enable_resource_name_dns_aaaa_record_on_launch": false,
            "id": "subnet-0139b162a8a952d20",
            "ipv6_cidr_block": "",
            "ipv6_cidr_block_association_id": "",
            "ipv6_native": false,
            "map_customer_owned_ip_on_launch": false,
            "map_public_ip_on_launch": false,
            "outpost_arn": "",
            "owner_id": "153254932719",
            "private_dns_hostname_type_on_launch": "ip-name",
            "tags": {
              "Name": "Public Webtier Subnet 2"
            },
            "tags_all": {
              "Name": "Public Webtier Subnet 2"
            },
            "timeouts": null,
            "vpc_id": "vpc-0cfa8560991eb6f0d"
          },
          "sensitive_attributes": [],
          "private": "eyJlMmJmYjczMC1lY2FhLTExZTYtOGY4OC0zNDM2M2JjN2M0YzAiOnsiY3JlYXRlIjo2MDAwMDAwMDAwMDAsImRlbGV0ZSI6MTIwMDAwMDAwMDAwMH0sInNjaGVtYV92ZXJzaW9uIjoiMSJ9",
          "dependencies": [
            "aws_vpc.P1-3-tier-archi"
          ],
          "create_before_destroy": true
        }
      ]
    },
    {
      "mode": "managed",
      "type": "aws_vpc",
      "name": "P1-3-tier-archi",
      "provider": "provider[\"registry.terraform.io/hashicorp/aws\"]",
      "instances": [
        {
          "schema_version": 1,
          "attributes": {
            "arn": "arn:aws:ec2:us-east-1:153254932719:vpc/vpc-0cfa8560991eb6f0d",
            "assign_generated_ipv6_cidr_block": false,
            "cidr_block": "10.0.0.0/16",
            "default_network_acl_id": "acl-094c8101a7543cb86",
            "default_route_table_id": "rtb-04b58360fde7ac0c2",
            "default_security_group_id": "sg-04ffd4bcbb2f68ef2",
            "dhcp_options_id": "dopt-0bbc73ab188e67d35",
            "enable_classiclink": false,
            "enable_classiclink_dns_support": false,
            "enable_dns_hostnames": true,
            "enable_dns_support": true,
            "enable_network_address_usage_metrics": false,
            "id": "vpc-0cfa8560991eb6f0d",
            "instance_tenancy": "default",
            "ipv4_ipam_pool_id": null,
            "ipv4_netmask_length": null,
            "ipv6_association_id": "",
            "ipv6_cidr_block": "",
            "ipv6_cidr_block_network_border_group": "",
            "ipv6_ipam_pool_id": "",
            "ipv6_netmask_length": 0,
            "main_route_table_id": "rtb-04b58360fde7ac0c2",
            "owner_id": "153254932719",
            "tags": {
              "Name": "P1-3-tier-archi"
            },
            "tags_all": {
              "Name": "P1-3-tier-archi"
            }
          },
          "sensitive_attributes": [],
          "private": "eyJzY2hlbWFfdmVyc2lvbiI6IjEifQ==",
          "create_before_destroy": true
        }
      ]
    },
    {
      "mode": "managed",
      "type": "local_file",
      "name": "P1_3tier_archi_keypair_private",
      "provider": "provider[\"registry.terraform.io/hashicorp/local\"]",
      "instances": [
        {
          "schema_version": 0,
          "attributes": {
            "content": "-----BEGIN RSA PRIVATE KEY-----\nMIIJKQIBAAKCAgEAwZ/gDrlSe5h3sqMAahV8SiPmpcktgOBKit4f8lbQUpycI2Mi\n9vyBQUOALbSi0qVYx2DROwcsqORlz/sf1lXCSQugP8DlOxY6VdYPx1BjakipxTLD\nIGDi5vmQUPlENDmXkbWVQrvhu6HoynJhcXt+NdH1t5c6WO6T/nEnPnMvVF9lmZx8\nhU2vG/rFucNJT8hLGPrecws3LSq8wgM0PVQlIh9AJQC5GzOTGuZgRQwHd1jeL7U3\n32xLmu+Ed4ronCugX0sgIuov5qS5lbcXHQAroJNEjFzZzj3I5VSG2XQEnB5HpUjA\nOGpPS+vnZWsh8+WCB02888p+gqtOJf+2QQp8kSx6ngU2JU1EKhMaMdIo9LCmPGpg\ncLdyQKB9pMRYKwAqB8uB3mEsiAdwkFtegKDkhkkEqpR0xrh0/j/DyJgbhmZnNcQs\nBpQ7u7p8Z3rXHXH/OxMpmUxP5kwH1fP5ngjbBnDQZucyLUXzIC/SgWAMnjoeYVdU\nx5ssg6JxKSvrKNvsFym2at1j4X5LAEWowrLnibXi3KMoehwLMBXhxkuidxcHI29i\nMuVAMapDNyumgYhMcU382qf99Xsaj73G4nsM0zAOG9x2afVXC91zifREFo8DzWj1\n0zpjE/kA4aOXjN0sS/7frm921uIqNTwHxjQVQ8X3rtsX0e/PKA0R4NWLTkECAwEA\nAQKCAgBdSsPxNDfa116tEr7LXmjRbDTgomsrUmZ4PIhWAqBDfbP5lPWu3YEFyhlD\nbGqbZhG9lxeZAl7xTYMEz/HKGu4OtexTa4THkHExFH/rv/72oeYy3r+HpUcOlSaE\n7WWAaFNwYHZ3fgFIn72DddMfk6n/Epf7CoGRgfqKuUh4XZVraL+SYQTaUdDSgWSt\nmbuEFnSgp5dxBPFj8Nib/mE4P4fYxgfpDE0kHxh8+I1gF2ith4Mep4kxPIO9NjS0\nSJjFTnvqDk+AoyfLUIke6uXXElLy/qIjo0VKixh17uE+exkRg8FvkPsU85wbb6HB\nivoEAwxAqqMlL+b+3L09r9THx962WVNHNmcG8gQl8PGoO+JZI6bb+FGK63epTozc\nhcph6nZ7xBwiRVVek3w0Nvn/EyynNZvkS7RBg+IR28cCGgVKbbYG8FJwpVQ9/Sd7\nfg8NDcpW9f9YKz/ddmd+2yAyPzjHayVY2NwhaAQ1oI7p91MrOU/oxZh4TuDg27B6\na3KF7VMN+iHIVURbUrrFgD87rZzCJchwFKDlf+ALaAWUu6vtrS3aczl7/U+cofZ3\nu02gEsPXF2CdUN7DqHEaQGTL05IdPRj+u1gUZ5cSCeFP03ZHE00AMwSOobkyIDBC\nTbup3r4ziHJugkvCrzYVHZ4LS/Vy0Ji83lDV5X134zIaJ8pnwQKCAQEA0/8rugij\neUyuHkmA3WzCewXCGvvTmwKIqiRsQy1ifvD7RA+C44TQuGMnhqIAjo412uVa9h+J\nd4Y4eif8XWVdEjBax21t23L8cYZRLuuF+dDI0hjWN84X1fE5j/SZWRYKhFa7KKij\nksYwlzVh9VYCFGdNeSY+mbGdz7bmqBFIPp18xuoyYKVbXXpU7OxmsuuVpd0OHXP8\nOJ0/ggXqObL4tI9k4s9Tm35K2zm513WqU6NPQIcLAMtm1nJNqRHKvDb9wQEUd/aP\nj2umyzX+aU8+joz9eKF2r7RplTtRxHe8y3Mmt150koEnAa715NYlShnVdmHGbx6G\nbg/LX7SogyhOWQKCAQEA6dB2QrpoKQz6BaH57qyjZthx0gtBLPyMzl7nO6g0Fo/N\nR7/gAb1xqUuHbyCju9HXCAUTtbWl3g2Ou8zMaE+qwHMJql9k9Zz3RypwHImfru0K\nKdw7/mHf7AP4bSPGHLJ4YKDo3M9B4quhJzCrPT03hn9XFJAMiJvbAv6zG6Rb5K7E\nkOWkFc9fu2Cib8tyigNlz1KfjH/A65jZRNizKMSew4fS59QZyoTIOU4UI+bPoWUK\nxm+J5zosdKP0qVoWiNV8lexAw6WLnYfj9Ph/rP1No+VXYICUsI90R4Xy/WehF8+m\nHPd+ZSyUr4hBvBHuJJEM7V7yFcfjXh0R17ljNaiSKQKCAQBzjIy/3H+F2Qa6mWO0\nzNgAB/ZxkLsYrTviSPH9d5pNCHpb8XxtGHJPXjQoDNry2I6AHi0DI9Ngo3bbFjpW\nia4+AL8qHfoX98ei9QwA3/zpWiRrZ4AzcJDLWqz+StrelMXstf1TPv/RO1c2w7D9\n8QA3MMsocnECgq46jj2Qc8MF5f8hyHrm9JolDE2HyZ58fS3W9vL/mL1r+kGoVCMD\nigpHGDVr7odqpF6WuRMTXh4Vclj7GeAkcbk+v5SWx4zSI8MR1M3cSTacfJewAWEG\n81tshWqOuqsfP92gqnF5/a2Y0s3SephdVin1n/CE5zfx+LzBxq9K17978/3sz2Je\nArUZAoIBAQCJoxhqsXata6EmfbI16NSLrzBZeByW0dhFh6JRAPQgr+gkq3O/Mnjd\nMsP4C9u2rZEKfIqcteB9NbfnH2jYosUeYtm2vE8fMpZyAy5Z7j3c6FbKS4XZel4p\nfjDYdm2h6QFpyG8rxKnBOE02V7UF6Kpt9zoYta9bH3wuaCahSAB8PtEhhr0vxZJS\nKFGWw8maKuPcxoN7Xpz/U0va9kGI5y2aZrMlmzrPd5ix+x9p/u4M0QElzPT988XF\np9pXctu/EwUy8A8z3JiyVBNB2qK1/6qbp17nROnCgb/udpCS0VUIQklD1gFGp5aj\nOe+QOXHZfrWAahrR7YgPl8cwGUaoiKH5AoIBAQCADbBXxL07zemE9eM8bICOBo5s\nDwKsOb4SGOxvCQl+MuJyVXHpvQxv+GSP1uemlivXHLmCJ599aBZELhTbdHUEsqF5\nKd/d3ZHUwIi8ZbegkhF+wKV4db9LYmXoBfhsj7+cYkGj23kfx0KommM/6W9hxd2W\nDDWPEfKJCk6kwRSJIHHwACq6RJ14BHChn4/NDUj3AK8VVYLBZeDg/YHSxlWsjz09\nxpg8WNI8LMyOBX8VXMW/DyYJ2rCjHGJyMgWRhOB5+wK/BCHrTZ8y30HN0uFej0jv\nxPkCl69ihM69Zvdwz1H75Mop5qb/YDjYn32iFABHfNAghK5DMbW1H1L4PLCx\n-----END RSA PRIVATE KEY-----\n",
            "content_base64": null,
            "content_base64sha256": "+B1tnZa3HQK0f0M172slEtpJBWrOMvWu85dC4JtEHuI=",
            "content_base64sha512": "YntQW152vYdLeWqn3VDux0xii9cbu53j+PVLgiuURhURMlNGzh3+p8gatVV0b3Msthd06mjPgsyLCKmHcrMbtw==",
            "content_md5": "fc091f686f88afd39e40f029cf0f6938",
            "content_sha1": "4f97d49f06532efe93221e9ea30b4efeadf2ab88",
            "content_sha256": "f81d6d9d96b71d02b47f4335ef6b2512da49056ace32f5aef39742e09b441ee2",
            "content_sha512": "627b505b5e76bd874b796aa7dd50eec74c628bd71bbb9de3f8f54b822b94461511325346ce1dfea7c81ab555746f732cb61774ea68cf82cc8b08a98772b31bb7",
            "directory_permission": "0777",
            "file_permission": "0400",
            "filename": "P1_3tier_archi_keypair_private",
            "id": "4f97d49f06532efe93221e9ea30b4efeadf2ab88",
            "sensitive_content": null,
            "source": null
          },
          "sensitive_attributes": [
            [
              {
                "type": "get_attr",
                "value": "content"
              }
            ],
            [
              {
                "type": "get_attr",
                "value": "sensitive_content"
              }
            ]
          ],
          "dependencies": [
            "tls_private_key.P1_keypair"
          ]
        }
      ]
    },
    {
      "mode": "managed",
      "type": "tls_private_key",
      "name": "P1_keypair",
      "provider": "provider[\"registry.terraform.io/hashicorp/tls\"]",
      "instances": [
        {
          "schema_version": 1,
          "attributes": {
            "algorithm": "RSA",
            "ecdsa_curve": "P224",
            "id": "0e74795fa13a1a93ec878728bee4bee966b357d5",
            "private_key_openssh": "-----BEGIN OPENSSH PRIVATE KEY-----\nb3BlbnNzaC1rZXktdjEAAAAABG5vbmUAAAAEbm9uZQAAAAAAAAABAAACFwAAAAdz\nc2gtcnNhAAAAAwEAAQAAAgEAwZ/gDrlSe5h3sqMAahV8SiPmpcktgOBKit4f8lbQ\nUpycI2Mi9vyBQUOALbSi0qVYx2DROwcsqORlz/sf1lXCSQugP8DlOxY6VdYPx1Bj\nakipxTLDIGDi5vmQUPlENDmXkbWVQrvhu6HoynJhcXt+NdH1t5c6WO6T/nEnPnMv\nVF9lmZx8hU2vG/rFucNJT8hLGPrecws3LSq8wgM0PVQlIh9AJQC5GzOTGuZgRQwH\nd1jeL7U332xLmu+Ed4ronCugX0sgIuov5qS5lbcXHQAroJNEjFzZzj3I5VSG2XQE\nnB5HpUjAOGpPS+vnZWsh8+WCB02888p+gqtOJf+2QQp8kSx6ngU2JU1EKhMaMdIo\n9LCmPGpgcLdyQKB9pMRYKwAqB8uB3mEsiAdwkFtegKDkhkkEqpR0xrh0/j/DyJgb\nhmZnNcQsBpQ7u7p8Z3rXHXH/OxMpmUxP5kwH1fP5ngjbBnDQZucyLUXzIC/SgWAM\nnjoeYVdUx5ssg6JxKSvrKNvsFym2at1j4X5LAEWowrLnibXi3KMoehwLMBXhxkui\ndxcHI29iMuVAMapDNyumgYhMcU382qf99Xsaj73G4nsM0zAOG9x2afVXC91zifRE\nFo8DzWj10zpjE/kA4aOXjN0sS/7frm921uIqNTwHxjQVQ8X3rtsX0e/PKA0R4NWL\nTkEAAAc4CGDhOwhg4TsAAAAHc3NoLXJzYQAAAgEAwZ/gDrlSe5h3sqMAahV8SiPm\npcktgOBKit4f8lbQUpycI2Mi9vyBQUOALbSi0qVYx2DROwcsqORlz/sf1lXCSQug\nP8DlOxY6VdYPx1BjakipxTLDIGDi5vmQUPlENDmXkbWVQrvhu6HoynJhcXt+NdH1\nt5c6WO6T/nEnPnMvVF9lmZx8hU2vG/rFucNJT8hLGPrecws3LSq8wgM0PVQlIh9A\nJQC5GzOTGuZgRQwHd1jeL7U332xLmu+Ed4ronCugX0sgIuov5qS5lbcXHQAroJNE\njFzZzj3I5VSG2XQEnB5HpUjAOGpPS+vnZWsh8+WCB02888p+gqtOJf+2QQp8kSx6\nngU2JU1EKhMaMdIo9LCmPGpgcLdyQKB9pMRYKwAqB8uB3mEsiAdwkFtegKDkhkkE\nqpR0xrh0/j/DyJgbhmZnNcQsBpQ7u7p8Z3rXHXH/OxMpmUxP5kwH1fP5ngjbBnDQ\nZucyLUXzIC/SgWAMnjoeYVdUx5ssg6JxKSvrKNvsFym2at1j4X5LAEWowrLnibXi\n3KMoehwLMBXhxkuidxcHI29iMuVAMapDNyumgYhMcU382qf99Xsaj73G4nsM0zAO\nG9x2afVXC91zifREFo8DzWj10zpjE/kA4aOXjN0sS/7frm921uIqNTwHxjQVQ8X3\nrtsX0e/PKA0R4NWLTkEAAAADAQABAAACAF1Kw/E0N9rXXq0SvsteaNFsNOCiaytS\nZng8iFYCoEN9s/mU9a7dgQXKGUNsaptmEb2XF5kCXvFNgwTP8coa7g617FNrhMeQ\ncTEUf+u//vah5jLev4elRw6VJoTtZYBoU3Bgdnd+AUifvYN10x+Tqf8Sl/sKgZGB\n+oq5SHhdlWtov5JhBNpR0NKBZK2Zu4QWdKCnl3EE8WPw2Jv+YTg/h9jGB+kMTSQf\nGHz4jWAXaK2Hgx6niTE8g702NLRImMVOe+oOT4CjJ8tQiR7q5dcSUvL+oiOjRUqL\nGHXu4T57GRGDwW+Q+xTznBtvocGK+gQDDECqoyUv5v7cvT2v1MfH3rZZU0c2Zwby\nBCXw8ag74lkjptv4UYrrd6lOjNyFymHqdnvEHCJFVV6TfDQ2+f8TLKc1m+RLtEGD\n4hHbxwIaBUpttgbwUnClVD39J3t+Dw0Nylb1/1grP912Z37bIDI/OMdrJVjY3CFo\nBDWgjun3Uys5T+jFmHhO4ODbsHprcoXtUw36IchVRFtSusWAPzutnMIlyHAUoOV/\n4AtoBZS7q+2tLdpzOXv9T5yh9ne7TaASw9cXYJ1Q3sOocRpAZMvTkh09GP67WBRn\nlxIJ4U/TdkcTTQAzBI6huTIgMEJNu6nevjOIcm6CS8KvNhUdngtL9XLQmLzeUNXl\nfXfjMhonymfBAAABAQCADbBXxL07zemE9eM8bICOBo5sDwKsOb4SGOxvCQl+MuJy\nVXHpvQxv+GSP1uemlivXHLmCJ599aBZELhTbdHUEsqF5Kd/d3ZHUwIi8ZbegkhF+\nwKV4db9LYmXoBfhsj7+cYkGj23kfx0KommM/6W9hxd2WDDWPEfKJCk6kwRSJIHHw\nACq6RJ14BHChn4/NDUj3AK8VVYLBZeDg/YHSxlWsjz09xpg8WNI8LMyOBX8VXMW/\nDyYJ2rCjHGJyMgWRhOB5+wK/BCHrTZ8y30HN0uFej0jvxPkCl69ihM69Zvdwz1H7\n5Mop5qb/YDjYn32iFABHfNAghK5DMbW1H1L4PLCxAAABAQDT/yu6CKN5TK4eSYDd\nbMJ7BcIa+9ObAoiqJGxDLWJ+8PtED4LjhNC4YyeGogCOjjXa5Vr2H4l3hjh6J/xd\nZV0SMFrHbW3bcvxxhlEu64X50MjSGNY3zhfV8TmP9JlZFgqEVrsoqKOSxjCXNWH1\nVgIUZ015Jj6ZsZ3PtuaoEUg+nXzG6jJgpVtdelTs7Gay65Wl3Q4dc/w4nT+CBeo5\nsvi0j2Tiz1ObfkrbObnXdapTo09AhwsAy2bWck2pEcq8Nv3BARR39o+Pa6bLNf5p\nTz6OjP14oXavtGmVO1HEd7zLcya3XnSSgScBrvXk1iVKGdV2YcZvHoZuD8tftKiD\nKE5ZAAABAQDp0HZCumgpDPoFofnurKNm2HHSC0Es/IzOXuc7qDQWj81Hv+ABvXGp\nS4dvIKO70dcIBRO1taXeDY67zMxoT6rAcwmqX2T1nPdHKnAciZ+u7Qop3Dv+Yd/s\nA/htI8YcsnhgoOjcz0Hiq6EnMKs9PTeGf1cUkAyIm9sC/rMbpFvkrsSQ5aQVz1+7\nYKJvy3KKA2XPUp+Mf8DrmNlE2LMoxJ7Dh9Ln1BnKhMg5ThQj5s+hZQrGb4nnOix0\no/SpWhaI1XyV7EDDpYudh+P0+H+s/U2j5VdggJSwj3RHhfL9Z6EXz6Yc935lLJSv\niEG8Ee4kkQztXvIVx+NeHRHXuWM1qJIpAAAAAAEC\n-----END OPENSSH PRIVATE KEY-----\n",
            "private_key_pem": "-----BEGIN RSA PRIVATE KEY-----\nMIIJKQIBAAKCAgEAwZ/gDrlSe5h3sqMAahV8SiPmpcktgOBKit4f8lbQUpycI2Mi\n9vyBQUOALbSi0qVYx2DROwcsqORlz/sf1lXCSQugP8DlOxY6VdYPx1BjakipxTLD\nIGDi5vmQUPlENDmXkbWVQrvhu6HoynJhcXt+NdH1t5c6WO6T/nEnPnMvVF9lmZx8\nhU2vG/rFucNJT8hLGPrecws3LSq8wgM0PVQlIh9AJQC5GzOTGuZgRQwHd1jeL7U3\n32xLmu+Ed4ronCugX0sgIuov5qS5lbcXHQAroJNEjFzZzj3I5VSG2XQEnB5HpUjA\nOGpPS+vnZWsh8+WCB02888p+gqtOJf+2QQp8kSx6ngU2JU1EKhMaMdIo9LCmPGpg\ncLdyQKB9pMRYKwAqB8uB3mEsiAdwkFtegKDkhkkEqpR0xrh0/j/DyJgbhmZnNcQs\nBpQ7u7p8Z3rXHXH/OxMpmUxP5kwH1fP5ngjbBnDQZucyLUXzIC/SgWAMnjoeYVdU\nx5ssg6JxKSvrKNvsFym2at1j4X5LAEWowrLnibXi3KMoehwLMBXhxkuidxcHI29i\nMuVAMapDNyumgYhMcU382qf99Xsaj73G4nsM0zAOG9x2afVXC91zifREFo8DzWj1\n0zpjE/kA4aOXjN0sS/7frm921uIqNTwHxjQVQ8X3rtsX0e/PKA0R4NWLTkECAwEA\nAQKCAgBdSsPxNDfa116tEr7LXmjRbDTgomsrUmZ4PIhWAqBDfbP5lPWu3YEFyhlD\nbGqbZhG9lxeZAl7xTYMEz/HKGu4OtexTa4THkHExFH/rv/72oeYy3r+HpUcOlSaE\n7WWAaFNwYHZ3fgFIn72DddMfk6n/Epf7CoGRgfqKuUh4XZVraL+SYQTaUdDSgWSt\nmbuEFnSgp5dxBPFj8Nib/mE4P4fYxgfpDE0kHxh8+I1gF2ith4Mep4kxPIO9NjS0\nSJjFTnvqDk+AoyfLUIke6uXXElLy/qIjo0VKixh17uE+exkRg8FvkPsU85wbb6HB\nivoEAwxAqqMlL+b+3L09r9THx962WVNHNmcG8gQl8PGoO+JZI6bb+FGK63epTozc\nhcph6nZ7xBwiRVVek3w0Nvn/EyynNZvkS7RBg+IR28cCGgVKbbYG8FJwpVQ9/Sd7\nfg8NDcpW9f9YKz/ddmd+2yAyPzjHayVY2NwhaAQ1oI7p91MrOU/oxZh4TuDg27B6\na3KF7VMN+iHIVURbUrrFgD87rZzCJchwFKDlf+ALaAWUu6vtrS3aczl7/U+cofZ3\nu02gEsPXF2CdUN7DqHEaQGTL05IdPRj+u1gUZ5cSCeFP03ZHE00AMwSOobkyIDBC\nTbup3r4ziHJugkvCrzYVHZ4LS/Vy0Ji83lDV5X134zIaJ8pnwQKCAQEA0/8rugij\neUyuHkmA3WzCewXCGvvTmwKIqiRsQy1ifvD7RA+C44TQuGMnhqIAjo412uVa9h+J\nd4Y4eif8XWVdEjBax21t23L8cYZRLuuF+dDI0hjWN84X1fE5j/SZWRYKhFa7KKij\nksYwlzVh9VYCFGdNeSY+mbGdz7bmqBFIPp18xuoyYKVbXXpU7OxmsuuVpd0OHXP8\nOJ0/ggXqObL4tI9k4s9Tm35K2zm513WqU6NPQIcLAMtm1nJNqRHKvDb9wQEUd/aP\nj2umyzX+aU8+joz9eKF2r7RplTtRxHe8y3Mmt150koEnAa715NYlShnVdmHGbx6G\nbg/LX7SogyhOWQKCAQEA6dB2QrpoKQz6BaH57qyjZthx0gtBLPyMzl7nO6g0Fo/N\nR7/gAb1xqUuHbyCju9HXCAUTtbWl3g2Ou8zMaE+qwHMJql9k9Zz3RypwHImfru0K\nKdw7/mHf7AP4bSPGHLJ4YKDo3M9B4quhJzCrPT03hn9XFJAMiJvbAv6zG6Rb5K7E\nkOWkFc9fu2Cib8tyigNlz1KfjH/A65jZRNizKMSew4fS59QZyoTIOU4UI+bPoWUK\nxm+J5zosdKP0qVoWiNV8lexAw6WLnYfj9Ph/rP1No+VXYICUsI90R4Xy/WehF8+m\nHPd+ZSyUr4hBvBHuJJEM7V7yFcfjXh0R17ljNaiSKQKCAQBzjIy/3H+F2Qa6mWO0\nzNgAB/ZxkLsYrTviSPH9d5pNCHpb8XxtGHJPXjQoDNry2I6AHi0DI9Ngo3bbFjpW\nia4+AL8qHfoX98ei9QwA3/zpWiRrZ4AzcJDLWqz+StrelMXstf1TPv/RO1c2w7D9\n8QA3MMsocnECgq46jj2Qc8MF5f8hyHrm9JolDE2HyZ58fS3W9vL/mL1r+kGoVCMD\nigpHGDVr7odqpF6WuRMTXh4Vclj7GeAkcbk+v5SWx4zSI8MR1M3cSTacfJewAWEG\n81tshWqOuqsfP92gqnF5/a2Y0s3SephdVin1n/CE5zfx+LzBxq9K17978/3sz2Je\nArUZAoIBAQCJoxhqsXata6EmfbI16NSLrzBZeByW0dhFh6JRAPQgr+gkq3O/Mnjd\nMsP4C9u2rZEKfIqcteB9NbfnH2jYosUeYtm2vE8fMpZyAy5Z7j3c6FbKS4XZel4p\nfjDYdm2h6QFpyG8rxKnBOE02V7UF6Kpt9zoYta9bH3wuaCahSAB8PtEhhr0vxZJS\nKFGWw8maKuPcxoN7Xpz/U0va9kGI5y2aZrMlmzrPd5ix+x9p/u4M0QElzPT988XF\np9pXctu/EwUy8A8z3JiyVBNB2qK1/6qbp17nROnCgb/udpCS0VUIQklD1gFGp5aj\nOe+QOXHZfrWAahrR7YgPl8cwGUaoiKH5AoIBAQCADbBXxL07zemE9eM8bICOBo5s\nDwKsOb4SGOxvCQl+MuJyVXHpvQxv+GSP1uemlivXHLmCJ599aBZELhTbdHUEsqF5\nKd/d3ZHUwIi8ZbegkhF+wKV4db9LYmXoBfhsj7+cYkGj23kfx0KommM/6W9hxd2W\nDDWPEfKJCk6kwRSJIHHwACq6RJ14BHChn4/NDUj3AK8VVYLBZeDg/YHSxlWsjz09\nxpg8WNI8LMyOBX8VXMW/DyYJ2rCjHGJyMgWRhOB5+wK/BCHrTZ8y30HN0uFej0jv\nxPkCl69ihM69Zvdwz1H75Mop5qb/YDjYn32iFABHfNAghK5DMbW1H1L4PLCx\n-----END RSA PRIVATE KEY-----\n",
            "private_key_pem_pkcs8": "-----BEGIN PRIVATE KEY-----\nMIIJQwIBADANBgkqhkiG9w0BAQEFAASCCS0wggkpAgEAAoICAQDBn+AOuVJ7mHey\nowBqFXxKI+alyS2A4EqK3h/yVtBSnJwjYyL2/IFBQ4AttKLSpVjHYNE7Byyo5GXP\n+x/WVcJJC6A/wOU7FjpV1g/HUGNqSKnFMsMgYOLm+ZBQ+UQ0OZeRtZVCu+G7oejK\ncmFxe3410fW3lzpY7pP+cSc+cy9UX2WZnHyFTa8b+sW5w0lPyEsY+t5zCzctKrzC\nAzQ9VCUiH0AlALkbM5Ma5mBFDAd3WN4vtTffbEua74R3iuicK6BfSyAi6i/mpLmV\ntxcdACugk0SMXNnOPcjlVIbZdAScHkelSMA4ak9L6+dlayHz5YIHTbzzyn6Cq04l\n/7ZBCnyRLHqeBTYlTUQqExox0ij0sKY8amBwt3JAoH2kxFgrACoHy4HeYSyIB3CQ\nW16AoOSGSQSqlHTGuHT+P8PImBuGZmc1xCwGlDu7unxnetcdcf87EymZTE/mTAfV\n8/meCNsGcNBm5zItRfMgL9KBYAyeOh5hV1THmyyDonEpK+so2+wXKbZq3WPhfksA\nRajCsueJteLcoyh6HAswFeHGS6J3Fwcjb2Iy5UAxqkM3K6aBiExxTfzap/31exqP\nvcbiewzTMA4b3HZp9VcL3XOJ9EQWjwPNaPXTOmMT+QDho5eM3SxL/t+ub3bW4io1\nPAfGNBVDxfeu2xfR788oDRHg1YtOQQIDAQABAoICAF1Kw/E0N9rXXq0SvsteaNFs\nNOCiaytSZng8iFYCoEN9s/mU9a7dgQXKGUNsaptmEb2XF5kCXvFNgwTP8coa7g61\n7FNrhMeQcTEUf+u//vah5jLev4elRw6VJoTtZYBoU3Bgdnd+AUifvYN10x+Tqf8S\nl/sKgZGB+oq5SHhdlWtov5JhBNpR0NKBZK2Zu4QWdKCnl3EE8WPw2Jv+YTg/h9jG\nB+kMTSQfGHz4jWAXaK2Hgx6niTE8g702NLRImMVOe+oOT4CjJ8tQiR7q5dcSUvL+\noiOjRUqLGHXu4T57GRGDwW+Q+xTznBtvocGK+gQDDECqoyUv5v7cvT2v1MfH3rZZ\nU0c2ZwbyBCXw8ag74lkjptv4UYrrd6lOjNyFymHqdnvEHCJFVV6TfDQ2+f8TLKc1\nm+RLtEGD4hHbxwIaBUpttgbwUnClVD39J3t+Dw0Nylb1/1grP912Z37bIDI/OMdr\nJVjY3CFoBDWgjun3Uys5T+jFmHhO4ODbsHprcoXtUw36IchVRFtSusWAPzutnMIl\nyHAUoOV/4AtoBZS7q+2tLdpzOXv9T5yh9ne7TaASw9cXYJ1Q3sOocRpAZMvTkh09\nGP67WBRnlxIJ4U/TdkcTTQAzBI6huTIgMEJNu6nevjOIcm6CS8KvNhUdngtL9XLQ\nmLzeUNXlfXfjMhonymfBAoIBAQDT/yu6CKN5TK4eSYDdbMJ7BcIa+9ObAoiqJGxD\nLWJ+8PtED4LjhNC4YyeGogCOjjXa5Vr2H4l3hjh6J/xdZV0SMFrHbW3bcvxxhlEu\n64X50MjSGNY3zhfV8TmP9JlZFgqEVrsoqKOSxjCXNWH1VgIUZ015Jj6ZsZ3Ptuao\nEUg+nXzG6jJgpVtdelTs7Gay65Wl3Q4dc/w4nT+CBeo5svi0j2Tiz1ObfkrbObnX\ndapTo09AhwsAy2bWck2pEcq8Nv3BARR39o+Pa6bLNf5pTz6OjP14oXavtGmVO1HE\nd7zLcya3XnSSgScBrvXk1iVKGdV2YcZvHoZuD8tftKiDKE5ZAoIBAQDp0HZCumgp\nDPoFofnurKNm2HHSC0Es/IzOXuc7qDQWj81Hv+ABvXGpS4dvIKO70dcIBRO1taXe\nDY67zMxoT6rAcwmqX2T1nPdHKnAciZ+u7Qop3Dv+Yd/sA/htI8YcsnhgoOjcz0Hi\nq6EnMKs9PTeGf1cUkAyIm9sC/rMbpFvkrsSQ5aQVz1+7YKJvy3KKA2XPUp+Mf8Dr\nmNlE2LMoxJ7Dh9Ln1BnKhMg5ThQj5s+hZQrGb4nnOix0o/SpWhaI1XyV7EDDpYud\nh+P0+H+s/U2j5VdggJSwj3RHhfL9Z6EXz6Yc935lLJSviEG8Ee4kkQztXvIVx+Ne\nHRHXuWM1qJIpAoIBAHOMjL/cf4XZBrqZY7TM2AAH9nGQuxitO+JI8f13mk0Ielvx\nfG0Yck9eNCgM2vLYjoAeLQMj02CjdtsWOlaJrj4Avyod+hf3x6L1DADf/OlaJGtn\ngDNwkMtarP5K2t6Uxey1/VM+/9E7VzbDsP3xADcwyyhycQKCrjqOPZBzwwXl/yHI\neub0miUMTYfJnnx9Ldb28v+YvWv6QahUIwOKCkcYNWvuh2qkXpa5ExNeHhVyWPsZ\n4CRxuT6/lJbHjNIjwxHUzdxJNpx8l7ABYQbzW2yFao66qx8/3aCqcXn9rZjSzdJ6\nmF1WKfWf8ITnN/H4vMHGr0rXv3vz/ezPYl4CtRkCggEBAImjGGqxdq1roSZ9sjXo\n1IuvMFl4HJbR2EWHolEA9CCv6CSrc78yeN0yw/gL27atkQp8ipy14H01t+cfaNii\nxR5i2ba8Tx8ylnIDLlnuPdzoVspLhdl6Xil+MNh2baHpAWnIbyvEqcE4TTZXtQXo\nqm33Ohi1r1sffC5oJqFIAHw+0SGGvS/FklIoUZbDyZoq49zGg3tenP9TS9r2QYjn\nLZpmsyWbOs93mLH7H2n+7gzRASXM9P3zxcWn2ldy278TBTLwDzPcmLJUE0HaorX/\nqpunXudE6cKBv+52kJLRVQhCSUPWAUanlqM575A5cdl+tYBqGtHtiA+XxzAZRqiI\nofkCggEBAIANsFfEvTvN6YT14zxsgI4GjmwPAqw5vhIY7G8JCX4y4nJVcem9DG/4\nZI/W56aWK9ccuYInn31oFkQuFNt0dQSyoXkp393dkdTAiLxlt6CSEX7ApXh1v0ti\nZegF+GyPv5xiQaPbeR/HQqiaYz/pb2HF3ZYMNY8R8okKTqTBFIkgcfAAKrpEnXgE\ncKGfj80NSPcArxVVgsFl4OD9gdLGVayPPT3GmDxY0jwszI4FfxVcxb8PJgnasKMc\nYnIyBZGE4Hn7Ar8EIetNnzLfQc3S4V6PSO/E+QKXr2KEzr1m93DPUfvkyinmpv9g\nONiffaIUAEd80CCErkMxtbUfUvg8sLE=\n-----END PRIVATE KEY-----\n",
            "public_key_fingerprint_md5": "8f:2f:af:8b:0f:a5:ec:f2:61:5b:5e:2b:b1:28:26:0c",
            "public_key_fingerprint_sha256": "SHA256:dwRtCrCfWRyWf6d+F8xXKPdTjTQJsksAcgbK4tx8+NE",
            "public_key_openssh": "ssh-rsa AAAAB3NzaC1yc2EAAAADAQABAAACAQDBn+AOuVJ7mHeyowBqFXxKI+alyS2A4EqK3h/yVtBSnJwjYyL2/IFBQ4AttKLSpVjHYNE7Byyo5GXP+x/WVcJJC6A/wOU7FjpV1g/HUGNqSKnFMsMgYOLm+ZBQ+UQ0OZeRtZVCu+G7oejKcmFxe3410fW3lzpY7pP+cSc+cy9UX2WZnHyFTa8b+sW5w0lPyEsY+t5zCzctKrzCAzQ9VCUiH0AlALkbM5Ma5mBFDAd3WN4vtTffbEua74R3iuicK6BfSyAi6i/mpLmVtxcdACugk0SMXNnOPcjlVIbZdAScHkelSMA4ak9L6+dlayHz5YIHTbzzyn6Cq04l/7ZBCnyRLHqeBTYlTUQqExox0ij0sKY8amBwt3JAoH2kxFgrACoHy4HeYSyIB3CQW16AoOSGSQSqlHTGuHT+P8PImBuGZmc1xCwGlDu7unxnetcdcf87EymZTE/mTAfV8/meCNsGcNBm5zItRfMgL9KBYAyeOh5hV1THmyyDonEpK+so2+wXKbZq3WPhfksARajCsueJteLcoyh6HAswFeHGS6J3Fwcjb2Iy5UAxqkM3K6aBiExxTfzap/31exqPvcbiewzTMA4b3HZp9VcL3XOJ9EQWjwPNaPXTOmMT+QDho5eM3SxL/t+ub3bW4io1PAfGNBVDxfeu2xfR788oDRHg1YtOQQ==\n",
            "public_key_pem": "-----BEGIN PUBLIC KEY-----\nMIICIjANBgkqhkiG9w0BAQEFAAOCAg8AMIICCgKCAgEAwZ/gDrlSe5h3sqMAahV8\nSiPmpcktgOBKit4f8lbQUpycI2Mi9vyBQUOALbSi0qVYx2DROwcsqORlz/sf1lXC\nSQugP8DlOxY6VdYPx1BjakipxTLDIGDi5vmQUPlENDmXkbWVQrvhu6HoynJhcXt+\nNdH1t5c6WO6T/nEnPnMvVF9lmZx8hU2vG/rFucNJT8hLGPrecws3LSq8wgM0PVQl\nIh9AJQC5GzOTGuZgRQwHd1jeL7U332xLmu+Ed4ronCugX0sgIuov5qS5lbcXHQAr\noJNEjFzZzj3I5VSG2XQEnB5HpUjAOGpPS+vnZWsh8+WCB02888p+gqtOJf+2QQp8\nkSx6ngU2JU1EKhMaMdIo9LCmPGpgcLdyQKB9pMRYKwAqB8uB3mEsiAdwkFtegKDk\nhkkEqpR0xrh0/j/DyJgbhmZnNcQsBpQ7u7p8Z3rXHXH/OxMpmUxP5kwH1fP5ngjb\nBnDQZucyLUXzIC/SgWAMnjoeYVdUx5ssg6JxKSvrKNvsFym2at1j4X5LAEWowrLn\nibXi3KMoehwLMBXhxkuidxcHI29iMuVAMapDNyumgYhMcU382qf99Xsaj73G4nsM\n0zAOG9x2afVXC91zifREFo8DzWj10zpjE/kA4aOXjN0sS/7frm921uIqNTwHxjQV\nQ8X3rtsX0e/PKA0R4NWLTkECAwEAAQ==\n-----END PUBLIC KEY-----\n",
            "rsa_bits": 4096
          },
          "sensitive_attributes": [
            [
              {
                "type": "get_attr",
                "value": "private_key_pem_pkcs8"
              }
            ],
            [
              {
                "type": "get_attr",
                "value": "private_key_pem"
              }
            ],
            [
              {
                "type": "get_attr",
                "value": "private_key_openssh"
              }
            ]
          ],
          "create_before_destroy": true
        }
      ]
    }
  ],
  "check_results": null
}
